{
  "lockfileVersion": 1,
  "workspaces": {
    "": {
      "name": "example-backend-bun",
      "dependencies": {
        "@vlandoss/env": "file:../../package/.local/vlandoss-env.tgz",
        "hono": "4.12.18",
        "zod": "4.3.6",
      },
      "devDependencies": {
        "@biomejs/biome": "2.4.4",
        "@playwright/test": "1.59.1",
        "@types/bun": "1.3.14",
        "@vlandoss/config": "0.2.0",
        "@vlandoss/run-run": "0.5.3",
        "playwright": "1.59.1",
        "typescript": "6.0.3",
      },
    },
  },
  "packages": {
    "@babel/code-frame": ["@babel/code-frame@7.29.0", "", { "dependencies": { "@babel/helper-validator-identifier": "^7.28.5", "js-tokens": "^4.0.0", "picocolors": "^1.1.1" } }, "sha512-9NhCeYjq9+3uxgdtp20LSiJXJvN0FeCtNGpJxuMFZ1Kv3cWUNb6DOhJwUvcVCzKGR66cw4njwM6hrJLqgOwbcw=="],

    "@babel/generator": ["@babel/generator@8.0.0-rc.5", "", { "dependencies": { "@babel/parser": "^8.0.0-rc.5", "@babel/types": "^8.0.0-rc.5", "@jridgewell/gen-mapping": "^0.3.12", "@jridgewell/trace-mapping": "^0.3.28", "@types/jsesc": "^2.5.0", "jsesc": "^3.0.2" } }, "sha512-nFZPWz3FHIS7y6rMIVoa/WBwjdutfIaRJIBQjzn+t3RnecZoRNlGmGcyR2wb0T/IgSd50Kz/6dG8/LvMCRunjg=="],

    "@babel/helper-string-parser": ["@babel/helper-string-parser@8.0.0-rc.5", "", {}, "sha512-sN7R8rBvDurfaziNfDEIjIntlazmlkCDGO4SNl2RJ3wRCn+QxspLV7hzYAE8WWVd2joVuT8sUxeePdLp2idI1A=="],

    "@babel/helper-validator-identifier": ["@babel/helper-validator-identifier@8.0.0-rc.5", "", {}, "sha512-ehJDxHvtbZ85RtX/L2fi0h9AGsBNqB5Euv1EB8RMAvGYvD+2X+QbpzzOpbklnNXO+WSZJNOaetw2BBj27xsWVg=="],

    "@babel/parser": ["@babel/parser@8.0.0-rc.4", "", { "dependencies": { "@babel/types": "^8.0.0-rc.4" }, "bin": "./bin/babel-parser.js" }, "sha512-0S/1yefMa15N4i2v3t8Fw9pgMHhf2gF6Lc1UEXI96Ls6FNAjqvHHZouZ2ZS/deqLhbMFtmfVeFac6iTsvFbLwA=="],

    "@babel/types": ["@babel/types@8.0.0-rc.5", "", { "dependencies": { "@babel/helper-string-parser": "^8.0.0-rc.5", "@babel/helper-validator-identifier": "^8.0.0-rc.5" } }, "sha512-JeSVu/m8x/zpp4CLjYHVNXuhEyOkhPXuxM8YOXjh6L4LlvQNKuUNOTo5KdBuKAcTDHw8DquToTaEkhsBqPXOaA=="],

    "@bgotink/kdl": ["@bgotink/kdl@0.4.0", "", {}, "sha512-F0uJCjo5FQvFdcGF5QbYVNfcGiRWlocuzyIdQxottZF2+gu6L2xjMGEu9PIpse2hifAca/19vIospgaETCKxIg=="],

    "@biomejs/biome": ["@biomejs/biome@2.4.4", "", { "optionalDependencies": { "@biomejs/cli-darwin-arm64": "2.4.4", "@biomejs/cli-darwin-x64": "2.4.4", "@biomejs/cli-linux-arm64": "2.4.4", "@biomejs/cli-linux-arm64-musl": "2.4.4", "@biomejs/cli-linux-x64": "2.4.4", "@biomejs/cli-linux-x64-musl": "2.4.4", "@biomejs/cli-win32-arm64": "2.4.4", "@biomejs/cli-win32-x64": "2.4.4" }, "bin": { "biome": "bin/biome" } }, "sha512-tigwWS5KfJf0cABVd52NVaXyAVv4qpUXOWJ1rxFL8xF1RVoeS2q/LK+FHgYoKMclJCuRoCWAPy1IXaN9/mS61Q=="],

    "@biomejs/cli-darwin-arm64": ["@biomejs/cli-darwin-arm64@2.4.4", "", { "os": "darwin", "cpu": "arm64" }, "sha512-jZ+Xc6qvD6tTH5jM6eKX44dcbyNqJHssfl2nnwT6vma6B1sj7ZLTGIk6N5QwVBs5xGN52r3trk5fgd3sQ9We9A=="],

    "@biomejs/cli-darwin-x64": ["@biomejs/cli-darwin-x64@2.4.4", "", { "os": "darwin", "cpu": "x64" }, "sha512-Dh1a/+W+SUCXhEdL7TiX3ArPTFCQKJTI1mGncZNWfO+6suk+gYA4lNyJcBB+pwvF49uw0pEbUS49BgYOY4hzUg=="],

    "@biomejs/cli-linux-arm64": ["@biomejs/cli-linux-arm64@2.4.4", "", { "os": "linux", "cpu": "arm64" }, "sha512-V/NFfbWhsUU6w+m5WYbBenlEAz8eYnSqRMDMAW3K+3v0tYVkNyZn8VU0XPxk/lOqNXLSCCrV7FmV/u3SjCBShg=="],

    "@biomejs/cli-linux-arm64-musl": ["@biomejs/cli-linux-arm64-musl@2.4.4", "", { "os": "linux", "cpu": "arm64" }, "sha512-+sPAXq3bxmFwhVFJnSwkSF5Rw2ZAJMH3MF6C9IveAEOdSpgajPhoQhbbAK12SehN9j2QrHpk4J/cHsa/HqWaYQ=="],

    "@biomejs/cli-linux-x64": ["@biomejs/cli-linux-x64@2.4.4", "", { "os": "linux", "cpu": "x64" }, "sha512-R4+ZCDtG9kHArasyBO+UBD6jr/FcFCTH8QkNTOCu0pRJzCWyWC4EtZa2AmUZB5h3e0jD7bRV2KvrENcf8rndBg=="],

    "@biomejs/cli-linux-x64-musl": ["@biomejs/cli-linux-x64-musl@2.4.4", "", { "os": "linux", "cpu": "x64" }, "sha512-gGvFTGpOIQDb5CQ2VC0n9Z2UEqlP46c4aNgHmAMytYieTGEcfqhfCFnhs6xjt0S3igE6q5GLuIXtdQt3Izok+g=="],

    "@biomejs/cli-win32-arm64": ["@biomejs/cli-win32-arm64@2.4.4", "", { "os": "win32", "cpu": "arm64" }, "sha512-trzCqM7x+Gn832zZHgr28JoYagQNX4CZkUZhMUac2YxvvyDRLJDrb5m9IA7CaZLlX6lTQmADVfLEKP1et1Ma4Q=="],

    "@biomejs/cli-win32-x64": ["@biomejs/cli-win32-x64@2.4.4", "", { "os": "win32", "cpu": "x64" }, "sha512-gnOHKVPFAAPrpoPt2t+Q6FZ7RPry/FDV3GcpU53P3PtLNnQjBmKyN2Vh/JtqXet+H4pme8CC76rScwdjDcT1/A=="],

    "@emnapi/core": ["@emnapi/core@1.10.0", "", { "dependencies": { "@emnapi/wasi-threads": "1.2.1", "tslib": "^2.4.0" } }, "sha512-yq6OkJ4p82CAfPl0u9mQebQHKPJkY7WrIuk205cTYnYe+k2Z8YBh11FrbRG/H6ihirqcacOgl2BIO8oyMQLeXw=="],

    "@emnapi/runtime": ["@emnapi/runtime@1.10.0", "", { "dependencies": { "tslib": "^2.4.0" } }, "sha512-ewvYlk86xUoGI0zQRNq/mC+16R1QeDlKQy21Ki3oSYXNgLb45GV1P6A0M+/s6nyCuNDqe5VpaY84BzXGwVbwFA=="],

    "@emnapi/wasi-threads": ["@emnapi/wasi-threads@1.2.1", "", { "dependencies": { "tslib": "^2.4.0" } }, "sha512-uTII7OYF+/Mes/MrcIOYp5yOtSMLBWSIoLPpcgwipoiKbli6k322tcoFsxoIIxPDqW01SQGAgko4EzZi2BNv2w=="],

    "@gwhitney/detect-indent": ["@gwhitney/detect-indent@7.0.1", "", {}, "sha512-7bQW+gkKa2kKZPeJf6+c6gFK9ARxQfn+FKy9ScTBppyKRWH2KzsmweXUoklqeEiHiNVWaeP5csIdsNq6w7QhzA=="],

    "@jridgewell/gen-mapping": ["@jridgewell/gen-mapping@0.3.13", "", { "dependencies": { "@jridgewell/sourcemap-codec": "^1.5.0", "@jridgewell/trace-mapping": "^0.3.24" } }, "sha512-2kkt/7niJ6MgEPxF0bYdQ6etZaA+fQvDcLKckhy1yIQOzaoKjBBjSj63/aLVjYE3qhRt5dvM+uUyfCg6UKCBbA=="],

    "@jridgewell/resolve-uri": ["@jridgewell/resolve-uri@3.1.2", "", {}, "sha512-bRISgCIjP20/tbWSPWMEi54QVPRZExkuD9lJL+UIxUKtwVJA8wW1Trb1jMs1RFXo1CBTNZ/5hpC9QvmKWdopKw=="],

    "@jridgewell/sourcemap-codec": ["@jridgewell/sourcemap-codec@1.5.5", "", {}, "sha512-cYQ9310grqxueWbl+WuIUIaiUaDcj7WOq5fVhEljNVgRfOUhY9fy2zTvfoqWsnebh8Sl70VScFbICvJnLKB0Og=="],

    "@jridgewell/trace-mapping": ["@jridgewell/trace-mapping@0.3.31", "", { "dependencies": { "@jridgewell/resolve-uri": "^3.1.0", "@jridgewell/sourcemap-codec": "^1.4.14" } }, "sha512-zzNR+SdQSDJzc8joaeP8QQoCQr8NuYx2dIIytl1QeBEZHJ9uW6hebsrYgbz8hJwUQao3TWCMtmfV8Nu1twOLAw=="],

    "@napi-rs/wasm-runtime": ["@napi-rs/wasm-runtime@1.1.4", "", { "dependencies": { "@tybys/wasm-util": "^0.10.1" }, "peerDependencies": { "@emnapi/core": "^1.7.1", "@emnapi/runtime": "^1.7.1" } }, "sha512-3NQNNgA1YSlJb/kMH1ildASP9HW7/7kYnRI2szWJaofaS1hWmbGI4H+d3+22aGzXXN9IJ+n+GiFVcGipJP18ow=="],

    "@oxc-project/types": ["@oxc-project/types@0.130.0", "", {}, "sha512-ibD2usx9JRu7f5pu2tMKMI4cpA4NgXJQoYRP4pQ7Pxmn1l6k/53qWtQWZayhYy3X4QZkt90Ot+mJEaeXouio6Q=="],

    "@oxfmt/binding-android-arm-eabi": ["@oxfmt/binding-android-arm-eabi@0.35.0", "", { "os": "android", "cpu": "arm" }, "sha512-BaRKlM3DyG81y/xWTsE6gZiv89F/3pHe2BqX2H4JbiB8HNVlWWtplzgATAE5IDSdwChdeuWLDTQzJ92Lglw3ZA=="],

    "@oxfmt/binding-android-arm64": ["@oxfmt/binding-android-arm64@0.35.0", "", { "os": "android", "cpu": "arm64" }, "sha512-/O+EbuAJYs6nde/anv+aID6uHsGQApyE9JtYBo/79KyU8e6RBN3DMbT0ix97y1SOnCglurmL2iZ+hlohjP2PnQ=="],

    "@oxfmt/binding-darwin-arm64": ["@oxfmt/binding-darwin-arm64@0.35.0", "", { "os": "darwin", "cpu": "arm64" }, "sha512-pGqRtqlNdn9d4VrmGUWVyQjkw79ryhI6je9y2jfqNUIZCfqceob+R97YYAoG7C5TFyt8ILdLVoN+L2vw/hSFyA=="],

    "@oxfmt/binding-darwin-x64": ["@oxfmt/binding-darwin-x64@0.35.0", "", { "os": "darwin", "cpu": "x64" }, "sha512-8GmsDcSozTPjrCJeGpp+sCmS9+9V5yRrdEZ1p/sTWxPG5nYeAfSLuS0nuEYjXSO+CtdSbStIW6dxa+4NM58yRw=="],

    "@oxfmt/binding-freebsd-x64": ["@oxfmt/binding-freebsd-x64@0.35.0", "", { "os": "freebsd", "cpu": "x64" }, "sha512-QyfKfTe0ytHpFKHAcHCGQEzN45QSqq1AHJOYYxQMgLM3KY4xu8OsXHpCnINjDsV4XGnQzczJDU9e04Zmd8XqIQ=="],

    "@oxfmt/binding-linux-arm-gnueabihf": ["@oxfmt/binding-linux-arm-gnueabihf@0.35.0", "", { "os": "linux", "cpu": "arm" }, "sha512-u+kv3JD6P3J38oOyUaiCqgY5TNESzBRZJ5lyZQ6c2czUW2v5SIN9E/KWWa9vxoc+P8AFXQFUVrdzGy1tK+nbPQ=="],

    "@oxfmt/binding-linux-arm-musleabihf": ["@oxfmt/binding-linux-arm-musleabihf@0.35.0", "", { "os": "linux", "cpu": "arm" }, "sha512-1NiZroCiV57I7Pf8kOH4XGR366kW5zir3VfSMBU2D0V14GpYjiYmPYFAoJboZvp8ACnZKUReWyMkNKSa5ad58A=="],

    "@oxfmt/binding-linux-arm64-gnu": ["@oxfmt/binding-linux-arm64-gnu@0.35.0", "", { "os": "linux", "cpu": "arm64" }, "sha512-7Q0Xeg7ZnW2nxnZ4R7aF6DEbCFls4skgHZg+I63XitpNvJCbVIU8MFOTZlvZGRsY9+rPgWPQGeUpLHlyx0wvMA=="],

    "@oxfmt/binding-linux-arm64-musl": ["@oxfmt/binding-linux-arm64-musl@0.35.0", "", { "os": "linux", "cpu": "arm64" }, "sha512-5Okqi+uhYFxwKz8hcnUftNNwdm8BCkf6GSCbcz9xJxYMm87k1E4p7PEmAAbhLTk7cjSdDre6TDL0pDzNX+Y22Q=="],

    "@oxfmt/binding-linux-ppc64-gnu": ["@oxfmt/binding-linux-ppc64-gnu@0.35.0", "", { "os": "linux", "cpu": "ppc64" }, "sha512-9k66pbZQXM/lBJWys3Xbc5yhl4JexyfqkEf/tvtq8976VIJnLAAL3M127xHA3ifYSqxdVHfVGTg84eiBHCGcNw=="],

    "@oxfmt/binding-linux-riscv64-gnu": ["@oxfmt/binding-linux-riscv64-gnu@0.35.0", "", { "os": "linux", "cpu": "none" }, "sha512-aUcY9ofKPtjO52idT6t0SAQvEF6ctjzUQa1lLp7GDsRpSBvuTrBQGeq0rYKz3gN8dMIQ7mtMdGD9tT4LhR8jAQ=="],

    "@oxfmt/binding-linux-riscv64-musl": ["@oxfmt/binding-linux-riscv64-musl@0.35.0", "", { "os": "linux", "cpu": "none" }, "sha512-C6yhY5Hvc2sGM+mCPek9ZLe5xRUOC/BvhAt2qIWFAeXMn4il04EYIjl3DsWiJr0xDMTJhvMOmD55xTRPlNp39w=="],

    "@oxfmt/binding-linux-s390x-gnu": ["@oxfmt/binding-linux-s390x-gnu@0.35.0", "", { "os": "linux", "cpu": "s390x" }, "sha512-RG2hlvOMK4OMZpO3mt8MpxLQ0AAezlFqhn5mI/g5YrVbPFyoCv9a34AAvbSJS501ocOxlFIRcKEuw5hFvddf9g=="],

    "@oxfmt/binding-linux-x64-gnu": ["@oxfmt/binding-linux-x64-gnu@0.35.0", "", { "os": "linux", "cpu": "x64" }, "sha512-wzmh90Pwvqj9xOKHJjkQYBpydRkaXG77ZvDz+iFDRRQpnqIEqGm5gmim2s6vnZIkDGsvKCuTdtxm0GFmBjM1+w=="],

    "@oxfmt/binding-linux-x64-musl": ["@oxfmt/binding-linux-x64-musl@0.35.0", "", { "os": "linux", "cpu": "x64" }, "sha512-+HCqYCJPCUy5I+b2cf+gUVaApfgtoQT3HdnSg/l7NIcLHOhKstlYaGyrFZLmUpQt4WkFbpGKZZayG6zjRU0KFA=="],

    "@oxfmt/binding-openharmony-arm64": ["@oxfmt/binding-openharmony-arm64@0.35.0", "", { "os": "none", "cpu": "arm64" }, "sha512-kFYmWfR9YL78XyO5ws+1dsxNvZoD973qfVMNFOS4e9bcHXGF7DvGC2tY5UDFwyMCeB33t3sDIuGONKggnVNSJA=="],

    "@oxfmt/binding-win32-arm64-msvc": ["@oxfmt/binding-win32-arm64-msvc@0.35.0", "", { "os": "win32", "cpu": "arm64" }, "sha512-uD/NGdM65eKNCDGyTGdO8e9n3IHX+wwuorBvEYrPJXhDXL9qz6gzddmXH8EN04ejUXUujlq4FsoSeCfbg0Y+Jg=="],

    "@oxfmt/binding-win32-ia32-msvc": ["@oxfmt/binding-win32-ia32-msvc@0.35.0", "", { "os": "win32", "cpu": "ia32" }, "sha512-oSRD2k8J2uxYDEKR2nAE/YTY9PobOEnhZgCmspHu0+yBQ665yH8lFErQVSTE7fcGJmJp/cC6322/gc8VFuQf7g=="],

    "@oxfmt/binding-win32-x64-msvc": ["@oxfmt/binding-win32-x64-msvc@0.35.0", "", { "os": "win32", "cpu": "x64" }, "sha512-WCDJjlS95NboR0ugI2BEwzt1tYvRDorDRM9Lvctls1SLyKYuNRCyrPwp1urUPFBnwgBNn9p2/gnmo7gFMySRoQ=="],

    "@oxlint-tsgolint/darwin-arm64": ["@oxlint-tsgolint/darwin-arm64@0.15.0", "", { "os": "darwin", "cpu": "arm64" }, "sha512-d7Ch+A6hic+RYrm32+Gh1o4lOrQqnFsHi721ORdHUDBiQPea+dssKUEMwIbA6MKmCy6TVJ02sQyi24OEfCiGzw=="],

    "@oxlint-tsgolint/darwin-x64": ["@oxlint-tsgolint/darwin-x64@0.15.0", "", { "os": "darwin", "cpu": "x64" }, "sha512-Aoai2wAkaUJqp/uEs1gml6TbaPW4YmyO5Ai/vOSkiizgHqVctjhjKqmRiWTX2xuPY94VkwOLqp+Qr3y/0qSpWQ=="],

    "@oxlint-tsgolint/linux-arm64": ["@oxlint-tsgolint/linux-arm64@0.15.0", "", { "os": "linux", "cpu": "arm64" }, "sha512-4og13a7ec4Vku5t2Y7s3zx6YJP6IKadb1uA9fOoRH6lm/wHWoCnxjcfJmKHXRZJII81WmbdJMSPxaBfwN/S68Q=="],

    "@oxlint-tsgolint/linux-x64": ["@oxlint-tsgolint/linux-x64@0.15.0", "", { "os": "linux", "cpu": "x64" }, "sha512-9b9xzh/1Harn3a+XiKTK/8LrWw3VcqLfYp/vhV5/zAVR2Mt0d63WSp4FL+wG7DKnI2T/CbMFUFHwc7kCQjDMzQ=="],

    "@oxlint-tsgolint/win32-arm64": ["@oxlint-tsgolint/win32-arm64@0.15.0", "", { "os": "win32", "cpu": "arm64" }, "sha512-nNac5hewHdkk5mowOwTqB1ZD76zB/FsUiyUvdCyupq5cG54XyKqSLEp9QGbx7wFJkWCkeWmuwRed4sfpAlKaeA=="],

    "@oxlint-tsgolint/win32-x64": ["@oxlint-tsgolint/win32-x64@0.15.0", "", { "os": "win32", "cpu": "x64" }, "sha512-ioAY2XLpy83E2EqOLH9p1cEgj0G2qB1lmAn0a3yFV1jHQB29LIPIKGNsu/tYCClpwmHN79pT5KZAHZOgWxxqNg=="],

    "@oxlint/binding-android-arm-eabi": ["@oxlint/binding-android-arm-eabi@1.50.0", "", { "os": "android", "cpu": "arm" }, "sha512-G7MRGk/6NCe+L8ntonRdZP7IkBfEpiZ/he3buLK6JkLgMHgJShXZ+BeOwADmspXez7U7F7L1Anf4xLSkLHiGTg=="],

    "@oxlint/binding-android-arm64": ["@oxlint/binding-android-arm64@1.50.0", "", { "os": "android", "cpu": "arm64" }, "sha512-GeSuMoJWCVpovJi/e3xDSNgjeR8WEZ6MCXL6EtPiCIM2NTzv7LbflARINTXTJy2oFBYyvdf/l2PwHzYo6EdXvg=="],

    "@oxlint/binding-darwin-arm64": ["@oxlint/binding-darwin-arm64@1.50.0", "", { "os": "darwin", "cpu": "arm64" }, "sha512-w3SY5YtxGnxCHPJ8Twl3KmS9oja1gERYk3AMoZ7Hv8P43ZtB6HVfs02TxvarxfL214Tm3uzvc2vn+DhtUNeKnw=="],

    "@oxlint/binding-darwin-x64": ["@oxlint/binding-darwin-x64@1.50.0", "", { "os": "darwin", "cpu": "x64" }, "sha512-hNfogDqy7tvmllXKBSlHo6k5x7dhTUVOHbMSE15CCAcXzmqf5883aPvBYPOq9AE7DpDUQUZ1kVE22YbiGW+tuw=="],

    "@oxlint/binding-freebsd-x64": ["@oxlint/binding-freebsd-x64@1.50.0", "", { "os": "freebsd", "cpu": "x64" }, "sha512-ykZevOWEyu0nsxolA911ucxpEv0ahw8jfEeGWOwwb/VPoE4xoexuTOAiPNlWZNJqANlJl7yp8OyzCtXTUAxotw=="],

    "@oxlint/binding-linux-arm-gnueabihf": ["@oxlint/binding-linux-arm-gnueabihf@1.50.0", "", { "os": "linux", "cpu": "arm" }, "sha512-hif3iDk7vo5GGJ4OLCCZAf2vjnU9FztGw4L0MbQL0M2iY9LKFtDMMiQAHmkF0PQGQMVbTYtPdXCLKVgdkiqWXQ=="],

    "@oxlint/binding-linux-arm-musleabihf": ["@oxlint/binding-linux-arm-musleabihf@1.50.0", "", { "os": "linux", "cpu": "arm" }, "sha512-dVp9iSssiGAnTNey2Ruf6xUaQhdnvcFOJyRWd/mu5o2jVbFK15E5fbWGeFRfmuobu5QXuROtFga44+7DOS3PLg=="],

    "@oxlint/binding-linux-arm64-gnu": ["@oxlint/binding-linux-arm64-gnu@1.50.0", "", { "os": "linux", "cpu": "arm64" }, "sha512-1cT7yz2HA910CKA9NkH1ZJo50vTtmND2fkoW1oyiSb0j6WvNtJ0Wx2zoySfXWc/c+7HFoqRK5AbEoL41LOn9oA=="],

    "@oxlint/binding-linux-arm64-musl": ["@oxlint/binding-linux-arm64-musl@1.50.0", "", { "os": "linux", "cpu": "arm64" }, "sha512-++B3k/HEPFVlj89cOz8kWfQccMZB/aWL9AhsW7jPIkG++63Mpwb2cE9XOEsd0PATbIan78k2Gky+09uWM1d/gQ=="],

    "@oxlint/binding-linux-ppc64-gnu": ["@oxlint/binding-linux-ppc64-gnu@1.50.0", "", { "os": "linux", "cpu": "ppc64" }, "sha512-Z9b/KpFMkx66w3gVBqjIC1AJBTZAGoI9+U+K5L4QM0CB/G0JSNC1es9b3Y0Vcrlvtdn8A+IQTkYjd/Q0uCSaZw=="],

    "@oxlint/binding-linux-riscv64-gnu": ["@oxlint/binding-linux-riscv64-gnu@1.50.0", "", { "os": "linux", "cpu": "none" }, "sha512-jvmuIw8wRSohsQlFNIST5uUwkEtEJmOQYr33bf/K2FrFPXHhM4KqGekI3ShYJemFS/gARVacQFgBzzJKCAyJjg=="],

    "@oxlint/binding-linux-riscv64-musl": ["@oxlint/binding-linux-riscv64-musl@1.50.0", "", { "os": "linux", "cpu": "none" }, "sha512-x+UrN47oYNh90nmAAyql8eQaaRpHbDPu5guasDg10+OpszUQ3/1+1J6zFMmV4xfIEgTcUXG/oI5fxJhF4eWCNA=="],

    "@oxlint/binding-linux-s390x-gnu": ["@oxlint/binding-linux-s390x-gnu@1.50.0", "", { "os": "linux", "cpu": "s390x" }, "sha512-i/JLi2ljLUIVfekMj4ISmdt+Hn11wzYUdRRrkVUYsCWw7zAy5xV7X9iA+KMyM156LTFympa7s3oKBjuCLoTAUQ=="],

    "@oxlint/binding-linux-x64-gnu": ["@oxlint/binding-linux-x64-gnu@1.50.0", "", { "os": "linux", "cpu": "x64" }, "sha512-/C7brhn6c6UUPccgSPCcpLQXcp+xKIW/3sji/5VZ8/OItL3tQ2U7KalHz887UxxSQeEOmd1kY6lrpuwFnmNqOA=="],

    "@oxlint/binding-linux-x64-musl": ["@oxlint/binding-linux-x64-musl@1.50.0", "", { "os": "linux", "cpu": "x64" }, "sha512-oDR1f+bGOYU8LfgtEW8XtotWGB63ghtcxk5Jm6IDTCk++rTA/IRMsjOid2iMd+1bW+nP9Mdsmcdc7VbPD3+iyQ=="],

    "@oxlint/binding-openharmony-arm64": ["@oxlint/binding-openharmony-arm64@1.50.0", "", { "os": "none", "cpu": "arm64" }, "sha512-4CmRGPp5UpvXyu4jjP9Tey/SrXDQLRvZXm4pb4vdZBxAzbFZkCyh0KyRy4txld/kZKTJlW4TO8N1JKrNEk+mWw=="],

    "@oxlint/binding-win32-arm64-msvc": ["@oxlint/binding-win32-arm64-msvc@1.50.0", "", { "os": "win32", "cpu": "arm64" }, "sha512-Fq0M6vsGcFsSfeuWAACDhd5KJrO85ckbEfe1EGuBj+KPyJz7KeWte2fSFrFGmNKNXyhEMyx4tbgxiWRujBM2KQ=="],

    "@oxlint/binding-win32-ia32-msvc": ["@oxlint/binding-win32-ia32-msvc@1.50.0", "", { "os": "win32", "cpu": "ia32" }, "sha512-qTdWR9KwY/vxJGhHVIZG2eBOhidOQvOwzDxnX+jhW/zIVacal1nAhR8GLkiywW8BIFDkQKXo/zOfT+/DY+ns/w=="],

    "@oxlint/binding-win32-x64-msvc": ["@oxlint/binding-win32-x64-msvc@1.50.0", "", { "os": "win32", "cpu": "x64" }, "sha512-682t7npLC4G2Ca+iNlI9fhAKTcFPYYXJjwoa88H4q+u5HHHlsnL/gHULapX3iqp+A8FIJbgdylL5KMYo2LaluQ=="],

    "@playwright/test": ["@playwright/test@1.59.1", "", { "dependencies": { "playwright": "1.59.1" }, "bin": { "playwright": "cli.js" } }, "sha512-PG6q63nQg5c9rIi4/Z5lR5IVF7yU5MqmKaPOe0HSc0O2cX1fPi96sUQu5j7eo4gKCkB2AnNGoWt7y4/Xx3Kcqg=="],

    "@pnpm/constants": ["@pnpm/constants@1001.3.1", "", {}, "sha512-2hf0s4pVrVEH8RvdJJ7YRKjQdiG8m0iAT26TTqXnCbK30kKwJW69VLmP5tED5zstmDRXcOeH5eRcrpkdwczQ9g=="],

    "@pnpm/core-loggers": ["@pnpm/core-loggers@1001.0.9", "", { "dependencies": { "@pnpm/types": "1001.3.0" }, "peerDependencies": { "@pnpm/logger": ">=1001.0.0 <1002.0.0" } }, "sha512-pW58m3ssrwVjwhlmTXDW1dh1sv2y6R2Gl5YvQInjM2d01/5mre/sYAY4MK3XfgEShZJQxv6wVXDUvyHHJ0oizg=="],

    "@pnpm/error": ["@pnpm/error@1000.1.0", "", { "dependencies": { "@pnpm/constants": "1001.3.1" } }, "sha512-Dqc2IJJPjUatwc9Letw+vG29rnaMrDGi5g6WCx1HiZYm0obXbTmLygeRafMbgf+sLKXrWE1shOeiayQuczBdoA=="],

    "@pnpm/fs.find-packages": ["@pnpm/fs.find-packages@1000.0.24", "", { "dependencies": { "@pnpm/read-project-manifest": "1001.2.6", "@pnpm/types": "1001.3.0", "@pnpm/util.lex-comparator": "^3.0.2", "p-filter": "^2.1.0", "tinyglobby": "^0.2.15" } }, "sha512-6r2lpvoljgTvQ+CiJYz3jCunzO1PM6g1Cqc3xon49he8sgg8BatMsNxcGnuZWK//du80+ylS/uBXKxwuHMuHUw=="],

    "@pnpm/graceful-fs": ["@pnpm/graceful-fs@1000.1.0", "", { "dependencies": { "graceful-fs": "^4.2.11" } }, "sha512-EsMX4slK0qJN2AR0/AYohY5m0HQNYGMNe+jhN74O994zp22/WbX+PbkIKyw3UQn39yQm2+z6SgwklDxbeapsmQ=="],

    "@pnpm/logger": ["@pnpm/logger@1001.0.1", "", { "dependencies": { "bole": "^5.0.17", "split2": "^4.2.0" } }, "sha512-gdwlAMXC4Wc0s7Dmg/4wNybMEd/4lSd9LsXQxeg/piWY0PPXjgz1IXJWnVScx6dZRaaodWP3c1ornrw8mZdFZw=="],

    "@pnpm/manifest-utils": ["@pnpm/manifest-utils@1002.0.5", "", { "dependencies": { "@pnpm/core-loggers": "1001.0.9", "@pnpm/error": "1000.1.0", "@pnpm/semver.peer-range": "1000.0.0", "@pnpm/types": "1001.3.0", "semver": "^7.7.4" }, "peerDependencies": { "@pnpm/logger": "^1001.0.1" } }, "sha512-2DSwQ6pP73IuJS5mCCtPd5fibJwuAdufXKuSL/Oq1n6AggCqy8616Xea1X3RH3z5dL4mn7Z4EZ+vnX8jX3Wrfw=="],

    "@pnpm/read-project-manifest": ["@pnpm/read-project-manifest@1001.2.6", "", { "dependencies": { "@gwhitney/detect-indent": "7.0.1", "@pnpm/error": "1000.1.0", "@pnpm/graceful-fs": "1000.1.0", "@pnpm/manifest-utils": "1002.0.5", "@pnpm/text.comments-parser": "1000.0.0", "@pnpm/types": "1001.3.0", "@pnpm/write-project-manifest": "1000.0.16", "fast-deep-equal": "^3.1.3", "is-windows": "^1.0.2", "json5": "^2.2.3", "parse-json": "^5.2.0", "read-yaml-file": "^2.1.0", "strip-bom": "^4.0.0" }, "peerDependencies": { "@pnpm/logger": "^1001.0.1" } }, "sha512-BcNO50lAkE4m9JaJ0WmG3m/DH/qLSvMgZywtmb/dfyyLVu5nDZfDqmOd8U+f1NhLcLMbBK6AnS3hyUqZYvw9Vg=="],

    "@pnpm/semver.peer-range": ["@pnpm/semver.peer-range@1000.0.0", "", { "dependencies": { "semver": "^7.6.2" } }, "sha512-r6VzkrdH7ZKjPmAogTNvxuV/UyS/xwHNme+ZuEFiG0UthZgqudDftYtKmG20fcfrjG1lgJbbWICA8KvZy7mmbw=="],

    "@pnpm/text.comments-parser": ["@pnpm/text.comments-parser@1000.0.0", "", { "dependencies": { "strip-comments-strings": "1.2.0" } }, "sha512-ivv/esrETOq9uMiKOC0ddVZ1BktEGsfsMQ9RWmrDpwPiqFSqWsIspnquxTBmm5GflC5N06fbqjGOpulZVYo3vQ=="],

    "@pnpm/types": ["@pnpm/types@1001.3.0", "", {}, "sha512-NLTXheat/u7OEGg5M5vF6Z85zx8uKUZE0+whtX/sbFV2XL48RdnOWGPTKYuVVkv8M+launaLUTgGEXNs/ess2w=="],

    "@pnpm/util.lex-comparator": ["@pnpm/util.lex-comparator@3.0.2", "", {}, "sha512-blFO4Ws97tWv/SNE6N39ZdGmZBrocXnBOfVp0ln4kELmns4pGPZizqyRtR8EjfOLMLstbmNCTReBoDvLz1isVg=="],

    "@pnpm/write-project-manifest": ["@pnpm/write-project-manifest@1000.0.16", "", { "dependencies": { "@pnpm/text.comments-parser": "1000.0.0", "@pnpm/types": "1001.3.0", "json5": "^2.2.3", "write-file-atomic": "^5.0.1", "write-yaml-file": "^5.0.0" } }, "sha512-zG68fk03ryot7TWUl9S/ShQ91uHWzIL9sVr2aQCuNHJo8G9kjsG6S0p58Zj/voahdDQeakZYYBSJ0mjNZeiJnw=="],

    "@quansync/fs": ["@quansync/fs@1.0.0", "", { "dependencies": { "quansync": "^1.0.0" } }, "sha512-4TJ3DFtlf1L5LDMaM6CanJ/0lckGNtJcMjQ1NAV6zDmA0tEHKZtxNKin8EgPaVX1YzljbxckyT2tJrpQKAtngQ=="],

    "@rolldown/binding-android-arm64": ["@rolldown/binding-android-arm64@1.0.1", "", { "os": "android", "cpu": "arm64" }, "sha512-fJI3I0r3C3Oj/zdBCpaCmBRZYf07xpaq4yCfDDoSFm+beWNzbIl26puW8RraUdugoJw/95zerNOn6jasAhzSmg=="],

    "@rolldown/binding-darwin-arm64": ["@rolldown/binding-darwin-arm64@1.0.1", "", { "os": "darwin", "cpu": "arm64" }, "sha512-cKnAhWEsV7TPcA/5EAteDp6KcJZBQ2G+BqE7zayMMi7kMvwRsbv7WT9aOnn0WNl4SKEIf43vjS31iUPu80nzXg=="],

    "@rolldown/binding-darwin-x64": ["@rolldown/binding-darwin-x64@1.0.1", "", { "os": "darwin", "cpu": "x64" }, "sha512-YKrVwQjIRBPo+5G/u03wGjbdy4q7pyzCe93DK9VJ7zkVmeg8LJ7GbgsiHWdR4xSoe4CAXRD7Bcjgbtr64bkXNg=="],

    "@rolldown/binding-freebsd-x64": ["@rolldown/binding-freebsd-x64@1.0.1", "", { "os": "freebsd", "cpu": "x64" }, "sha512-z/oBsREo46SsFqBwYtFe0kpJeBijAT48O/WXLI4suiCLBkr03RTtTJMCzSdDd2znlh8VJizL09XVkQgk8IZonw=="],

    "@rolldown/binding-linux-arm-gnueabihf": ["@rolldown/binding-linux-arm-gnueabihf@1.0.1", "", { "os": "linux", "cpu": "arm" }, "sha512-ik8q7GM11zxvYxFc2PeDcT6TBvhCQMaUxfph/M5l9sKuTs/Sjg3L+Byw0F7w0ZVLBZmx30P+gG0ECzzN+MFcmQ=="],

    "@rolldown/binding-linux-arm64-gnu": ["@rolldown/binding-linux-arm64-gnu@1.0.1", "", { "os": "linux", "cpu": "arm64" }, "sha512-QoSx2EkyrrdZ6kcyE8stqZ62t0Yra8Fs5ia9lOxJrh6TMQJK7gQKmscdTHf7pOXKREKrVwOtJcQG3qVSfc866A=="],

    "@rolldown/binding-linux-arm64-musl": ["@rolldown/binding-linux-arm64-musl@1.0.1", "", { "os": "linux", "cpu": "arm64" }, "sha512-uwNwFpwKeNiZawfAWBgg0VIztPTV3ihhh1vV334h9ivnNLorxnQMU6Fz8wG1Zb4Qh9LC1/MkcyT3YlDXG3Rsgg=="],

    "@rolldown/binding-linux-ppc64-gnu": ["@rolldown/binding-linux-ppc64-gnu@1.0.1", "", { "os": "linux", "cpu": "ppc64" }, "sha512-zY1bul7OWr7DFBiJ++wofXvnr8B45ce3QsQUhKrIhXsygAh7bTkwyeM1bi1a2g5C/yC/N8TZyGDEoMfm/l9mpg=="],

    "@rolldown/binding-linux-s390x-gnu": ["@rolldown/binding-linux-s390x-gnu@1.0.1", "", { "os": "linux", "cpu": "s390x" }, "sha512-0frlsT/f4Ft6I7SMESTKnF3cZsdicQn1dCMkF/jT9wDLE+gGoiQfv1nmT9e+s7s/fekvvy6tZM2jHvI2tkbJDQ=="],

    "@rolldown/binding-linux-x64-gnu": ["@rolldown/binding-linux-x64-gnu@1.0.1", "", { "os": "linux", "cpu": "x64" }, "sha512-XABVmGp9Tg0WspTVvwduTc4fpqy6JnAUrSQe6OuyqD/03nI7r0O9OWUkMIwFrjKAIqolvqoA4ZrJppgwE0Gxmw=="],

    "@rolldown/binding-linux-x64-musl": ["@rolldown/binding-linux-x64-musl@1.0.1", "", { "os": "linux", "cpu": "x64" }, "sha512-bV4fzswuzVcKD90o/VM6QqKxnxlDq0g2BISDLNVmxrnhpv1DDbyPhCIjYfvzYLV+MvkKKnQt2Q6AO86SEBULUQ=="],

    "@rolldown/binding-openharmony-arm64": ["@rolldown/binding-openharmony-arm64@1.0.1", "", { "os": "none", "cpu": "arm64" }, "sha512-/Mh0Zhq3OP7fVs0kcQHZP6lZEthMGTaSf8UBQYSFEZDWGXXlEC+nJ6EqenaK2t4LBXMe3A+K/G2BVXXdtOr4PQ=="],

    "@rolldown/binding-wasm32-wasi": ["@rolldown/binding-wasm32-wasi@1.0.1", "", { "dependencies": { "@emnapi/core": "1.10.0", "@emnapi/runtime": "1.10.0", "@napi-rs/wasm-runtime": "^1.1.4" }, "cpu": "none" }, "sha512-+1xc9X45l8ufsBAm6Gjvx2qDRIY9lTVt0cgWNcJ+1gdhXvkbxePA60yRTwSTuXL09CMhyJmjpV7E3NoyxbqFQQ=="],

    "@rolldown/binding-win32-arm64-msvc": ["@rolldown/binding-win32-arm64-msvc@1.0.1", "", { "os": "win32", "cpu": "arm64" }, "sha512-1D+UqZdfnuR+Jy1GgMJwi85bD40H21uNmOPRWQhw4oRSuolZ/B5rixZ45DK2KXOTCvmVCecauWgEhbw8bI7tOw=="],

    "@rolldown/binding-win32-x64-msvc": ["@rolldown/binding-win32-x64-msvc@1.0.1", "", { "os": "win32", "cpu": "x64" }, "sha512-INAycaWuhlOK3wk4mRHGsdgwYWmd9cChdPdE9bwWmy6rn9VqVNYNFGhOdXrofXUxwHIncSiPNb8tNm8knDVIeQ=="],

    "@rolldown/pluginutils": ["@rolldown/pluginutils@1.0.1", "", {}, "sha512-2j9bGt5Jh8hj+vPtgzPtl72j0yRxHAyumoo6TNfAjsLB04UtpSvPbPcDcBMxz7n+9CYB0c1GxQFxYRg2jimqGw=="],

    "@standard-schema/spec": ["@standard-schema/spec@1.1.0", "", {}, "sha512-l2aFy5jALhniG5HgqrD6jXLi/rUWrKvqN/qJx6yoJsgKhblVd+iqqU4RCXavm/jPityDo5TCvKMnpjKnOriy0w=="],

    "@total-typescript/tsconfig": ["@total-typescript/tsconfig@1.0.4", "", {}, "sha512-fO4ctMPGz1kOFOQ4RCPBRBfMy3gDn+pegUfrGyUFRMv/Rd0ZM3/SHH3hFCYG4u6bPLG8OlmOGcBLDexvyr3A5w=="],

    "@tybys/wasm-util": ["@tybys/wasm-util@0.10.2", "", { "dependencies": { "tslib": "^2.4.0" } }, "sha512-RoBvJ2X0wuKlWFIjrwffGw1IqZHKQqzIchKaadZZfnNpsAYp2mM0h36JtPCjNDAHGgYez/15uMBpfGwchhiMgg=="],

    "@types/bun": ["@types/bun@1.3.14", "", { "dependencies": { "bun-types": "1.3.14" } }, "sha512-h1hFqFVcvAvD9j9K7ZW7vd82aSA+rTdznZa+5bwvCwqSB1jmmfLcbIWhOLx1/+boy/xmjgCs/OMUL8hRJSmnPw=="],

    "@types/estree": ["@types/estree@1.0.9", "", {}, "sha512-GhdPgy1el4/ImP05X05Uw4cw2/M93BCUmnEvWZNStlCzEKME4Fkk+YpoA5OiHNQmoS7Cafb8Xa3Pya8m1Qrzeg=="],

    "@types/jsesc": ["@types/jsesc@2.5.1", "", {}, "sha512-9VN+6yxLOPLOav+7PwjZbxiID2bVaeq0ED4qSQmdQTdjnXJSaCVKTR58t15oqH1H5t8Ng2ZX1SabJVoN9Q34bw=="],

    "@types/node": ["@types/node@25.8.0", "", { "dependencies": { "undici-types": ">=7.24.0 <7.24.7" } }, "sha512-TCFSk8IZh+iLX1xtksoBVtdmgL+1IX0fC9BeU4QqFSuNdN/K+HUlhqOzEmSYYpZUVsLYcPqc9KX+60iDuninSQ=="],

    "@usage-spec/commander": ["@usage-spec/commander@1.1.0", "", { "dependencies": { "@usage-spec/core": "^1.1.0", "commander": "^14.0.3" } }, "sha512-hVv+ccKtcPaiaywLrm7Q/Nb4nGdRD319FBhfmTWQq3yUlS1SK/pmwyn0+BFQGAYN4uOMxvYDrqPH+qXpmINrkg=="],

    "@usage-spec/core": ["@usage-spec/core@1.1.0", "", { "dependencies": { "@bgotink/kdl": "^0.4.0" } }, "sha512-OjcN6IWdvuxN6bZYknTPIx9n/UTZODtGNaQEQe3yN7Y5DluH8/UJ8GeG+C0hNBWc/OePc0n9MmBw3rTbtoRVKg=="],

    "@vlandoss/clibuddy": ["@vlandoss/clibuddy@0.6.0", "", { "dependencies": { "@pnpm/fs.find-packages": "1000.0.24", "@pnpm/types": "1001.3.0", "ansis": "4.2.0", "memoize": "10.2.0", "pkg-types": "2.3.0", "std-env": "3.9.0", "tinyexec": "1.1.2", "yaml": "2.8.4" } }, "sha512-YU0RAM7es9qqITk2F5nCm+bSoKiYEhKvRZ/pU2hKxNE08h1OBOZluOgW1FB8i/2aCFn/cY2e/oHv25Vd7whkaA=="],

    "@vlandoss/config": ["@vlandoss/config@0.2.0", "", { "dependencies": { "@total-typescript/tsconfig": "1.0.4" }, "peerDependencies": { "@biomejs/biome": "2.4.4", "@types/node": ">=20" }, "optionalPeers": ["@biomejs/biome", "@types/node"] }, "sha512-bwlB0cYjGUUd59Ts4zL0QrivtttmBMRT1+hHFFgNTTd/Ybsi64OUYXi2RlAo85oruv6WdN/S6evUpJaY/OZGoQ=="],

    "@vlandoss/env": ["@vlandoss/env@../../package/.local/vlandoss-env.tgz", { "dependencies": { "@standard-schema/spec": "1.1.0", "defu": "6.1.7", "type-fest": "5.4.4" }, "peerDependencies": { "react": ">=19", "react-dom": ">=19", "vite": ">=5", "zod": "^4" }, "optionalPeers": ["react", "react-dom", "vite", "zod"] }],

    "@vlandoss/loggy": ["@vlandoss/loggy@0.2.0", "", { "dependencies": { "consola": "3.4.2", "debug": "4.4.3" } }, "sha512-GMTkiw24twpxj8yAqX9vljNR1b74/haKxReO/KWc/2cIWW6CCRRChQ5K57PkZaVG0Vk5H4XeEBL0emG77waPJw=="],

    "@vlandoss/run-run": ["@vlandoss/run-run@0.5.3", "", { "dependencies": { "@biomejs/biome": "2.4.4", "@usage-spec/commander": "1.1.0", "@vlandoss/clibuddy": "0.6.0", "@vlandoss/loggy": "0.2.0", "commander": "14.0.3", "glob": "13.0.6", "lilconfig": "3.1.3", "memoize": "10.2.0", "oxfmt": "0.35.0", "oxlint": "1.50.0", "oxlint-tsgolint": "0.15.0", "rimraf": "6.1.3", "tsdown": "0.22.0", "typescript": "6.0.3" }, "bin": { "rr": "bin", "biome": "tools/biome", "oxfmt": "tools/oxfmt", "oxlint": "tools/oxlint", "tsdown": "tools/tsdown" } }, "sha512-ZT/LQt/sWnh5Wt63ypRuX/LqFuBrhyfdfgrZ+rNV22QhqVBAK+UYEUntwpMxXU7AbQMAORdnyhZQ8hLIILeBVg=="],

    "ansis": ["ansis@4.2.0", "", {}, "sha512-HqZ5rWlFjGiV0tDm3UxxgNRqsOTniqoKZu0pIAfh7TZQMGuZK+hH0drySty0si0QXj1ieop4+SkSfPZBPPkHig=="],

    "argparse": ["argparse@2.0.1", "", {}, "sha512-8+9WqebbFzpX9OR+Wa6O29asIogeRMzcGtAINdpMHHyAg10f05aSFVBbcEqGf/PXw1EjAZ+q2/bEBg3DvurK3Q=="],

    "ast-kit": ["ast-kit@3.0.0-beta.1", "", { "dependencies": { "@babel/parser": "^8.0.0-beta.4", "estree-walker": "^3.0.3", "pathe": "^2.0.3" } }, "sha512-trmleAnZ2PxN/loHWVhhx1qeOHSRXq4TDsBBxq3GqeJitfk3+jTQ+v/C1km/KYq9M7wKqCewMh+/NAvVH7m+bw=="],

    "balanced-match": ["balanced-match@4.0.4", "", {}, "sha512-BLrgEcRTwX2o6gGxGOCNyMvGSp35YofuYzw9h1IMTRmKqttAZZVU67bdb9Pr2vUHA8+j3i2tJfjO6C6+4myGTA=="],

    "birpc": ["birpc@4.0.0", "", {}, "sha512-LShSxJP0KTmd101b6DRyGBj57LZxSDYWKitQNW/mi8GRMvZb078Uf9+pveax1DrVL89vm7mWe+TovdI/UDOuPw=="],

    "bole": ["bole@5.0.29", "", { "dependencies": { "fast-safe-stringify": "^2.0.7", "individual": "^3.0.0" } }, "sha512-eYR9i2ubLv5/4TFGyZsQ1cVH4jF9+qLJA72Aow+E7ZZQfqHqQNUZeX3w+pVWF76PQyjl5eDKf2xylyOOX76ozA=="],

    "brace-expansion": ["brace-expansion@5.0.6", "", { "dependencies": { "balanced-match": "^4.0.2" } }, "sha512-kLpxurY4Z4r9sgMsyG0Z9uzsBlgiU/EFKhj/h91/8yHu0edo7XuixOIH3VcJ8kkxs6/jPzoI6U9Vj3WqbMQ94g=="],

    "bun-types": ["bun-types@1.3.14", "", { "dependencies": { "@types/node": "*" } }, "sha512-4N0ig0fEomHt5R0KCFWjovxow98rIoRwKolrYdCcknNwMekCXRnWEUvgu5soYV8QXtVsrUD8B95MBOZGPvr6KQ=="],

    "cac": ["cac@7.0.0", "", {}, "sha512-tixWYgm5ZoOD+3g6UTea91eow5z6AAHaho3g0V9CNSNb45gM8SmflpAc+GRd1InC4AqN/07Unrgp56Y94N9hJQ=="],

    "commander": ["commander@14.0.3", "", {}, "sha512-H+y0Jo/T1RZ9qPP4Eh1pkcQcLRglraJaSLoyOtHxu6AapkjWVCy2Sit1QQ4x3Dng8qDlSsZEet7g5Pq06MvTgw=="],

    "confbox": ["confbox@0.2.4", "", {}, "sha512-ysOGlgTFbN2/Y6Cg3Iye8YKulHw+R2fNXHrgSmXISQdMnomY6eNDprVdW9R5xBguEqI954+S6709UyiO7B+6OQ=="],

    "consola": ["consola@3.4.2", "", {}, "sha512-5IKcdX0nnYavi6G7TtOhwkYzyjfJlatbjMjuLSfE2kYT5pMDOilZ4OvMhi637CcDICTmz3wARPoyhqyX1Y+XvA=="],

    "debug": ["debug@4.4.3", "", { "dependencies": { "ms": "^2.1.3" } }, "sha512-RGwwWnwQvkVfavKVt22FGLw+xYSdzARwm0ru6DhTVA3umU5hZc28V3kO4stgYryrTlLpuvgI9GiijltAjNbcqA=="],

    "defu": ["defu@6.1.7", "", {}, "sha512-7z22QmUWiQ/2d0KkdYmANbRUVABpZ9SNYyH5vx6PZ+nE5bcC0l7uFvEfHlyld/HcGBFTL536ClDt3DEcSlEJAQ=="],

    "dts-resolver": ["dts-resolver@3.0.0", "", { "peerDependencies": { "oxc-resolver": ">=11.0.0" }, "optionalPeers": ["oxc-resolver"] }, "sha512-1T1f+z+4tl9XD+m+0HBgWoL/nm0bOIffyWaUuUSBlFg/86IWvfx+wjNaO/ybU0AJzG9/Mi5hBUgGV6zCmWEN7Q=="],

    "empathic": ["empathic@2.0.1", "", {}, "sha512-YGRs8knHhKHVShLkFET/rWAU8kmHbOV5LwN938RHI0pljAJ1Gf6SzXsSmRaEzcXTtOOmVqJ5+WtQPL5uigY50Q=="],

    "error-ex": ["error-ex@1.3.4", "", { "dependencies": { "is-arrayish": "^0.2.1" } }, "sha512-sqQamAnR14VgCr1A618A3sGrygcpK+HEbenA/HiEAkkUwcZIIB/tgWqHFxWgOyDh4nB4JCRimh79dR5Ywc9MDQ=="],

    "estree-walker": ["estree-walker@3.0.3", "", { "dependencies": { "@types/estree": "^1.0.0" } }, "sha512-7RUKfXgSMMkzt6ZuXmqapOurLGPPfgj6l9uRZ7lRGolvk0y2yocc35LdcxKC5PQZdn2DMqioAQ2NoWcrTKmm6g=="],

    "exsolve": ["exsolve@1.0.8", "", {}, "sha512-LmDxfWXwcTArk8fUEnOfSZpHOJ6zOMUJKOtFLFqJLoKJetuQG874Uc7/Kki7zFLzYybmZhp1M7+98pfMqeX8yA=="],

    "fast-deep-equal": ["fast-deep-equal@3.1.3", "", {}, "sha512-f3qQ9oQy9j2AhBe/H9VC91wLmKBCCU/gDOnKNAYG5hswO7BLKj09Hc5HYNz9cGI++xlpDCIgDaitVs03ATR84Q=="],

    "fast-safe-stringify": ["fast-safe-stringify@2.1.1", "", {}, "sha512-W+KJc2dmILlPplD/H4K9l9LcAHAfPtP6BY84uVLXQ6Evcz9Lcg33Y2z1IVblT6xdY54PXYVHEv+0Wpq8Io6zkA=="],

    "fdir": ["fdir@6.5.0", "", { "peerDependencies": { "picomatch": "^3 || ^4" }, "optionalPeers": ["picomatch"] }, "sha512-tIbYtZbucOs0BRGqPJkshJUYdL+SDH7dVM8gjy+ERp3WAUjLEFJE+02kanyHtwjWOnwrKYBiwAmM0p4kLJAnXg=="],

    "fsevents": ["fsevents@2.3.2", "", { "os": "darwin" }, "sha512-xiqMQR4xAeHTuB9uWm+fFRcIOgKBMiOBP+eXiyT7jsgVCq1bkVygt00oASowB7EdtpOHaaPgKt812P9ab+DDKA=="],

    "get-tsconfig": ["get-tsconfig@5.0.0-beta.5", "", { "dependencies": { "resolve-pkg-maps": "^1.0.0" } }, "sha512-/6gFNr0N04nob252sTQxyFLi3eKFRqIg1I87YcqAMT1i6SQrSF6KujUEQrtrjMV0H/eejTCltLdDSTEMzHbnsQ=="],

    "glob": ["glob@13.0.6", "", { "dependencies": { "minimatch": "^10.2.2", "minipass": "^7.1.3", "path-scurry": "^2.0.2" } }, "sha512-Wjlyrolmm8uDpm/ogGyXZXb1Z+Ca2B8NbJwqBVg0axK9GbBeoS7yGV6vjXnYdGm6X53iehEuxxbyiKp8QmN4Vw=="],

    "graceful-fs": ["graceful-fs@4.2.11", "", {}, "sha512-RbJ5/jmFcNNCcDV5o9eTnBLJ/HszWV0P73bc+Ff4nS/rJj+YaS6IGyiOL0VoBYX+l1Wrl3k63h/KrH+nhJ0XvQ=="],

    "hono": ["hono@4.12.18", "", {}, "sha512-RWzP96k/yv0PQfyXnWjs6zot20TqfpfsNXhOnev8d1InAxubW93L11/oNUc3tQqn2G0bSdAOBpX+2uDFHV7kdQ=="],

    "hookable": ["hookable@6.1.1", "", {}, "sha512-U9LYDy1CwhMCnprUfeAZWZGByVbhd54hwepegYTK7Pi5NvqEj63ifz5z+xukznehT7i6NIZRu89Ay1AZmRsLEQ=="],

    "import-without-cache": ["import-without-cache@0.4.0", "", {}, "sha512-NkJQA7oZ4YHQhd2+H3BoRFKF3d/XNsiKpHZCQEMH9pDX27hQQLsTyOocyRgaIVtf8gHX3Nt3LPkR4e5EdtPAGQ=="],

    "imurmurhash": ["imurmurhash@0.1.4", "", {}, "sha512-JmXMZ6wuvDmLiHEml9ykzqO6lwFbof0GG4IkcGaENdCRDDmMVnny7s5HsIgHCbaq0w2MyPhDqkhTUgS2LU2PHA=="],

    "individual": ["individual@3.0.0", "", {}, "sha512-rUY5vtT748NMRbEMrTNiFfy29BgGZwGXUi2NFUVMWQrogSLzlJvQV9eeMWi+g1aVaQ53tpyLAQtd5x/JH0Nh1g=="],

    "is-arrayish": ["is-arrayish@0.2.1", "", {}, "sha512-zz06S8t0ozoDXMG+ube26zeCTNXcKIPJZJi8hBrF4idCLms4CG9QtK7qBl1boi5ODzFpjswb5JPmHCbMpjaYzg=="],

    "is-windows": ["is-windows@1.0.2", "", {}, "sha512-eXK1UInq2bPmjyX6e3VHIzMLobc4J94i4AWn+Hpq3OU5KkrRC96OAcR3PRJ/pGu6m8TRnBHP9dkXQVsT/COVIA=="],

    "js-tokens": ["js-tokens@4.0.0", "", {}, "sha512-RdJUflcE3cUzKiMqQgsCu06FPu9UdIJO0beYbPhHN4k6apgJtifcoCtT9bcxOpYBtpD2kCM6Sbzg4CausW/PKQ=="],

    "js-yaml": ["js-yaml@4.1.1", "", { "dependencies": { "argparse": "^2.0.1" }, "bin": { "js-yaml": "bin/js-yaml.js" } }, "sha512-qQKT4zQxXl8lLwBtHMWwaTcGfFOZviOJet3Oy/xmGk2gZH677CJM9EvtfdSkgWcATZhj/55JZ0rmy3myCT5lsA=="],

    "jsesc": ["jsesc@3.1.0", "", { "bin": { "jsesc": "bin/jsesc" } }, "sha512-/sM3dO2FOzXjKQhJuo0Q173wf2KOo8t4I8vHy6lF9poUp7bKT0/NHE8fPX23PwfhnykfqnC2xRxOnVw5XuGIaA=="],

    "json-parse-even-better-errors": ["json-parse-even-better-errors@2.3.1", "", {}, "sha512-xyFwyhro/JEof6Ghe2iz2NcXoj2sloNsWr/XsERDK/oiPCfaNhl5ONfp+jQdAZRQQ0IJWNzH9zIZF7li91kh2w=="],

    "json5": ["json5@2.2.3", "", { "bin": { "json5": "lib/cli.js" } }, "sha512-XmOWe7eyHYH14cLdVPoyg+GOH3rYX++KpzrylJwSW98t3Nk+U8XOl8FWKOgwtzdb8lXGf6zYwDUzeHMWfxasyg=="],

    "lilconfig": ["lilconfig@3.1.3", "", {}, "sha512-/vlFKAoH5Cgt3Ie+JLhRbwOsCQePABiU3tJ1egGvyQ+33R/vcwM2Zl2QR/LzjsBeItPt3oSVXapn+m4nQDvpzw=="],

    "lines-and-columns": ["lines-and-columns@1.2.4", "", {}, "sha512-7ylylesZQ/PV29jhEDl3Ufjo6ZX7gCqJr5F7PKrqc93v7fzSymt1BpwEU8nAUXs8qzzvqhbjhK5QZg6Mt/HkBg=="],

    "lru-cache": ["lru-cache@11.3.6", "", {}, "sha512-Gf/KoL3C/MlI7Bt0PGI9I+TeTC/I6r/csU58N4BSNc4lppLBeKsOdFYkK+dX0ABDUMJNfCHTyPpzwwO21Awd3A=="],

    "memoize": ["memoize@10.2.0", "", { "dependencies": { "mimic-function": "^5.0.1" } }, "sha512-DeC6b7QBrZsRs3Y02A6A7lQyzFbsQbqgjI6UW0GigGWV+u1s25TycMr0XHZE4cJce7rY/vyw2ctMQqfDkIhUEA=="],

    "mimic-function": ["mimic-function@5.0.1", "", {}, "sha512-VP79XUPxV2CigYP3jWwAUFSku2aKqBH7uTAapFWCBqutsbmDo96KY5o8uh6U+/YSIn5OxJnXp73beVkpqMIGhA=="],

    "minimatch": ["minimatch@10.2.5", "", { "dependencies": { "brace-expansion": "^5.0.5" } }, "sha512-MULkVLfKGYDFYejP07QOurDLLQpcjk7Fw+7jXS2R2czRQzR56yHRveU5NDJEOviH+hETZKSkIk5c+T23GjFUMg=="],

    "minipass": ["minipass@7.1.3", "", {}, "sha512-tEBHqDnIoM/1rXME1zgka9g6Q2lcoCkxHLuc7ODJ5BxbP5d4c2Z5cGgtXAku59200Cx7diuHTOYfSBD8n6mm8A=="],

    "ms": ["ms@2.1.3", "", {}, "sha512-6FlzubTLZG3J2a/NVCAleEhjzq5oxgHyaCU9yYXvcLsvoVaHJq/s5xXI6/XXP6tz7R9xAOtHnSO/tXtF3WRTlA=="],

    "obug": ["obug@2.1.1", "", {}, "sha512-uTqF9MuPraAQ+IsnPf366RG4cP9RtUi7MLO1N3KEc+wb0a6yKpeL0lmk2IB1jY5KHPAlTc6T/JRdC/YqxHNwkQ=="],

    "oxfmt": ["oxfmt@0.35.0", "", { "dependencies": { "tinypool": "2.1.0" }, "optionalDependencies": { "@oxfmt/binding-android-arm-eabi": "0.35.0", "@oxfmt/binding-android-arm64": "0.35.0", "@oxfmt/binding-darwin-arm64": "0.35.0", "@oxfmt/binding-darwin-x64": "0.35.0", "@oxfmt/binding-freebsd-x64": "0.35.0", "@oxfmt/binding-linux-arm-gnueabihf": "0.35.0", "@oxfmt/binding-linux-arm-musleabihf": "0.35.0", "@oxfmt/binding-linux-arm64-gnu": "0.35.0", "@oxfmt/binding-linux-arm64-musl": "0.35.0", "@oxfmt/binding-linux-ppc64-gnu": "0.35.0", "@oxfmt/binding-linux-riscv64-gnu": "0.35.0", "@oxfmt/binding-linux-riscv64-musl": "0.35.0", "@oxfmt/binding-linux-s390x-gnu": "0.35.0", "@oxfmt/binding-linux-x64-gnu": "0.35.0", "@oxfmt/binding-linux-x64-musl": "0.35.0", "@oxfmt/binding-openharmony-arm64": "0.35.0", "@oxfmt/binding-win32-arm64-msvc": "0.35.0", "@oxfmt/binding-win32-ia32-msvc": "0.35.0", "@oxfmt/binding-win32-x64-msvc": "0.35.0" }, "bin": { "oxfmt": "bin/oxfmt" } }, "sha512-QYeXWkP+aLt7utt5SLivNIk09glWx9QE235ODjgcEZ3sd1VMaUBSpLymh6ZRCA76gD2rMP4bXanUz/fx+nLM9Q=="],

    "oxlint": ["oxlint@1.50.0", "", { "optionalDependencies": { "@oxlint/binding-android-arm-eabi": "1.50.0", "@oxlint/binding-android-arm64": "1.50.0", "@oxlint/binding-darwin-arm64": "1.50.0", "@oxlint/binding-darwin-x64": "1.50.0", "@oxlint/binding-freebsd-x64": "1.50.0", "@oxlint/binding-linux-arm-gnueabihf": "1.50.0", "@oxlint/binding-linux-arm-musleabihf": "1.50.0", "@oxlint/binding-linux-arm64-gnu": "1.50.0", "@oxlint/binding-linux-arm64-musl": "1.50.0", "@oxlint/binding-linux-ppc64-gnu": "1.50.0", "@oxlint/binding-linux-riscv64-gnu": "1.50.0", "@oxlint/binding-linux-riscv64-musl": "1.50.0", "@oxlint/binding-linux-s390x-gnu": "1.50.0", "@oxlint/binding-linux-x64-gnu": "1.50.0", "@oxlint/binding-linux-x64-musl": "1.50.0", "@oxlint/binding-openharmony-arm64": "1.50.0", "@oxlint/binding-win32-arm64-msvc": "1.50.0", "@oxlint/binding-win32-ia32-msvc": "1.50.0", "@oxlint/binding-win32-x64-msvc": "1.50.0" }, "peerDependencies": { "oxlint-tsgolint": ">=0.14.1" }, "optionalPeers": ["oxlint-tsgolint"], "bin": { "oxlint": "bin/oxlint" } }, "sha512-iSJ4IZEICBma8cZX7kxIIz9PzsYLF2FaLAYN6RKu7VwRVKdu7RIgpP99bTZaGl//Yao7fsaGZLSEo5xBrI5ReQ=="],

    "oxlint-tsgolint": ["oxlint-tsgolint@0.15.0", "", { "optionalDependencies": { "@oxlint-tsgolint/darwin-arm64": "0.15.0", "@oxlint-tsgolint/darwin-x64": "0.15.0", "@oxlint-tsgolint/linux-arm64": "0.15.0", "@oxlint-tsgolint/linux-x64": "0.15.0", "@oxlint-tsgolint/win32-arm64": "0.15.0", "@oxlint-tsgolint/win32-x64": "0.15.0" }, "bin": { "tsgolint": "bin/tsgolint.js" } }, "sha512-iwvFmhKQVZzVTFygUVI4t2S/VKEm+Mqkw3jQRJwfDuTcUYI5LCIYzdO5Dbuv4mFOkXZCcXaRRh0m+uydB5xdqw=="],

    "p-filter": ["p-filter@2.1.0", "", { "dependencies": { "p-map": "^2.0.0" } }, "sha512-ZBxxZ5sL2HghephhpGAQdoskxplTwr7ICaehZwLIlfL6acuVgZPm8yBNuRAFBGEqtD/hmUeq9eqLg2ys9Xr/yw=="],

    "p-map": ["p-map@2.1.0", "", {}, "sha512-y3b8Kpd8OAN444hxfBbFfj1FY/RjtTd8tzYwhUqNYXx0fXx2iX4maP4Qr6qhIKbQXI02wTLAda4fYUbDagTUFw=="],

    "package-json-from-dist": ["package-json-from-dist@1.0.1", "", {}, "sha512-UEZIS3/by4OC8vL3P2dTXRETpebLI2NiI5vIrjaD/5UtrkFX/tNbwjTSRAGC/+7CAo2pIcBaRgWmcBBHcsaCIw=="],

    "parse-json": ["parse-json@5.2.0", "", { "dependencies": { "@babel/code-frame": "^7.0.0", "error-ex": "^1.3.1", "json-parse-even-better-errors": "^2.3.0", "lines-and-columns": "^1.1.6" } }, "sha512-ayCKvm/phCGxOkYRSCM82iDwct8/EonSEgCSxWxD7ve6jHggsFl4fZVQBPRNgQoKiuV/odhFrGzQXZwbifC8Rg=="],

    "path-scurry": ["path-scurry@2.0.2", "", { "dependencies": { "lru-cache": "^11.0.0", "minipass": "^7.1.2" } }, "sha512-3O/iVVsJAPsOnpwWIeD+d6z/7PmqApyQePUtCndjatj/9I5LylHvt5qluFaBT3I5h3r1ejfR056c+FCv+NnNXg=="],

    "pathe": ["pathe@2.0.3", "", {}, "sha512-WUjGcAqP1gQacoQe+OBJsFA7Ld4DyXuUIjZ5cc75cLHvJ7dtNsTugphxIADwspS+AraAUePCKrSVtPLFj/F88w=="],

    "picocolors": ["picocolors@1.1.1", "", {}, "sha512-xceH2snhtb5M9liqDsmEw56le376mTZkEX/jEb/RxNFyegNul7eNslCXP9FDj/Lcu0X8KEyMceP2ntpaHrDEVA=="],

    "picomatch": ["picomatch@4.0.4", "", {}, "sha512-QP88BAKvMam/3NxH6vj2o21R6MjxZUAd6nlwAS/pnGvN9IVLocLHxGYIzFhg6fUQ+5th6P4dv4eW9jX3DSIj7A=="],

    "pkg-types": ["pkg-types@2.3.0", "", { "dependencies": { "confbox": "^0.2.2", "exsolve": "^1.0.7", "pathe": "^2.0.3" } }, "sha512-SIqCzDRg0s9npO5XQ3tNZioRY1uK06lA41ynBC1YmFTmnY6FjUjVt6s4LoADmwoig1qqD0oK8h1p/8mlMx8Oig=="],

    "playwright": ["playwright@1.59.1", "", { "dependencies": { "playwright-core": "1.59.1" }, "optionalDependencies": { "fsevents": "2.3.2" }, "bin": { "playwright": "cli.js" } }, "sha512-C8oWjPR3F81yljW9o5OxcWzfh6avkVwDD2VYdwIGqTkl+OGFISgypqzfu7dOe4QNLL2aqcWBmI3PMtLIK233lw=="],

    "playwright-core": ["playwright-core@1.59.1", "", { "bin": { "playwright-core": "cli.js" } }, "sha512-HBV/RJg81z5BiiZ9yPzIiClYV/QMsDCKUyogwH9p3MCP6IYjUFu/MActgYAvK0oWyV9NlwM3GLBjADyWgydVyg=="],

    "quansync": ["quansync@1.0.0", "", {}, "sha512-5xZacEEufv3HSTPQuchrvV6soaiACMFnq1H8wkVioctoH3TRha9Sz66lOxRwPK/qZj7HPiSveih9yAyh98gvqA=="],

    "read-yaml-file": ["read-yaml-file@2.1.0", "", { "dependencies": { "js-yaml": "^4.0.0", "strip-bom": "^4.0.0" } }, "sha512-UkRNRIwnhG+y7hpqnycCL/xbTk7+ia9VuVTC0S+zVbwd65DI9eUpRMfsWIGrCWxTU/mi+JW8cHQCrv+zfCbEPQ=="],

    "resolve-pkg-maps": ["resolve-pkg-maps@1.0.0", "", {}, "sha512-seS2Tj26TBVOC2NIc2rOe2y2ZO7efxITtLZcGSOnHHNOQ7CkiUBfw0Iw2ck6xkIhPwLhKNLS8BO+hEpngQlqzw=="],

    "rimraf": ["rimraf@6.1.3", "", { "dependencies": { "glob": "^13.0.3", "package-json-from-dist": "^1.0.1" }, "bin": { "rimraf": "dist/esm/bin.mjs" } }, "sha512-LKg+Cr2ZF61fkcaK1UdkH2yEBBKnYjTyWzTJT6KNPcSPaiT7HSdhtMXQuN5wkTX0Xu72KQ1l8S42rlmexS2hSA=="],

    "rolldown": ["rolldown@1.0.1", "", { "dependencies": { "@oxc-project/types": "=0.130.0", "@rolldown/pluginutils": "^1.0.0" }, "optionalDependencies": { "@rolldown/binding-android-arm64": "1.0.1", "@rolldown/binding-darwin-arm64": "1.0.1", "@rolldown/binding-darwin-x64": "1.0.1", "@rolldown/binding-freebsd-x64": "1.0.1", "@rolldown/binding-linux-arm-gnueabihf": "1.0.1", "@rolldown/binding-linux-arm64-gnu": "1.0.1", "@rolldown/binding-linux-arm64-musl": "1.0.1", "@rolldown/binding-linux-ppc64-gnu": "1.0.1", "@rolldown/binding-linux-s390x-gnu": "1.0.1", "@rolldown/binding-linux-x64-gnu": "1.0.1", "@rolldown/binding-linux-x64-musl": "1.0.1", "@rolldown/binding-openharmony-arm64": "1.0.1", "@rolldown/binding-wasm32-wasi": "1.0.1", "@rolldown/binding-win32-arm64-msvc": "1.0.1", "@rolldown/binding-win32-x64-msvc": "1.0.1" }, "bin": { "rolldown": "bin/cli.mjs" } }, "sha512-X0KQHljNnEkWNqqiz9zJrGunh1B0HgOxLXvnFpCOcadzcy5qohZ3tqMEUg00vncoRovXuK3ZqCT9KnnKzoInFQ=="],

    "rolldown-plugin-dts": ["rolldown-plugin-dts@0.25.1", "", { "dependencies": { "@babel/generator": "8.0.0-rc.5", "@babel/helper-validator-identifier": "8.0.0-rc.5", "@babel/parser": "8.0.0-rc.4", "ast-kit": "^3.0.0-beta.1", "birpc": "^4.0.0", "dts-resolver": "^3.0.0", "get-tsconfig": "5.0.0-beta.5", "obug": "^2.1.1" }, "peerDependencies": { "@ts-macro/tsc": "^0.3.6", "@typescript/native-preview": ">=7.0.0-dev.20260325.1", "rolldown": "^1.0.0", "typescript": "^5.0.0 || ^6.0.0", "vue-tsc": "~3.2.0" }, "optionalPeers": ["@ts-macro/tsc", "@typescript/native-preview", "typescript", "vue-tsc"] }, "sha512-zK82aC/8z1iVW+g0bCnlQZq04Y5bNeL/RcRwTYBwsnU6wH0N+6vpIFkN7JC0kYRS5qKA+pxQyfIPvXJ6Q5xSpQ=="],

    "semver": ["semver@7.8.0", "", { "bin": { "semver": "bin/semver.js" } }, "sha512-AcM7dV/5ul4EekoQ29Agm5vri8JNqRyj39o0qpX6vDF2GZrtutZl5RwgD1XnZjiTAfncsJhMI48QQH3sN87YNA=="],

    "signal-exit": ["signal-exit@4.1.0", "", {}, "sha512-bzyZ1e88w9O1iNJbKnOlvYTrWPDl46O1bG0D3XInv+9tkPrxrN8jUUTiFlDkkmKWgn1M6CfIA13SuGqOa9Korw=="],

    "split2": ["split2@4.2.0", "", {}, "sha512-UcjcJOWknrNkF6PLX83qcHM6KHgVKNkV62Y8a5uYDVv9ydGQVwAHMKqHdJje1VTWpljG0WYpCDhrCdAOYH4TWg=="],

    "std-env": ["std-env@3.9.0", "", {}, "sha512-UGvjygr6F6tpH7o2qyqR6QYpwraIjKSdtzyBdyytFOHmPZY917kwdwLG0RbOjWOnKmnm3PeHjaoLLMie7kPLQw=="],

    "strip-bom": ["strip-bom@4.0.0", "", {}, "sha512-3xurFv5tEgii33Zi8Jtp55wEIILR9eh34FAW00PZf+JnSsTmV/ioewSgQl97JHvgjoRGwPShsWm+IdrxB35d0w=="],

    "strip-comments-strings": ["strip-comments-strings@1.2.0", "", {}, "sha512-zwF4bmnyEjZwRhaak9jUWNxc0DoeKBJ7lwSN/LEc8dQXZcUFG6auaaTQJokQWXopLdM3iTx01nQT8E4aL29DAQ=="],

    "tagged-tag": ["tagged-tag@1.0.0", "", {}, "sha512-yEFYrVhod+hdNyx7g5Bnkkb0G6si8HJurOoOEgC8B/O0uXLHlaey/65KRv6cuWBNhBgHKAROVpc7QyYqE5gFng=="],

    "tinyexec": ["tinyexec@1.1.2", "", {}, "sha512-dAqSqE/RabpBKI8+h26GfLq6Vb3JVXs30XYQjdMjaj/c2tS8IYYMbIzP599KtRj7c57/wYApb3QjgRgXmrCukA=="],

    "tinyglobby": ["tinyglobby@0.2.16", "", { "dependencies": { "fdir": "^6.5.0", "picomatch": "^4.0.4" } }, "sha512-pn99VhoACYR8nFHhxqix+uvsbXineAasWm5ojXoN8xEwK5Kd3/TrhNn1wByuD52UxWRLy8pu+kRMniEi6Eq9Zg=="],

    "tinypool": ["tinypool@2.1.0", "", {}, "sha512-Pugqs6M0m7Lv1I7FtxN4aoyToKg1C4tu+/381vH35y8oENM/Ai7f7C4StcoK4/+BSw9ebcS8jRiVrORFKCALLw=="],

    "tree-kill": ["tree-kill@1.2.2", "", { "bin": { "tree-kill": "cli.js" } }, "sha512-L0Orpi8qGpRG//Nd+H90vFB+3iHnue1zSSGmNOOCh1GLJ7rUKVwV2HvijphGQS2UmhUZewS9VgvxYIdgr+fG1A=="],

    "tsdown": ["tsdown@0.22.0", "", { "dependencies": { "ansis": "^4.2.0", "cac": "^7.0.0", "defu": "^6.1.7", "empathic": "^2.0.0", "hookable": "^6.1.1", "import-without-cache": "^0.4.0", "obug": "^2.1.1", "picomatch": "^4.0.4", "rolldown": "^1.0.0", "rolldown-plugin-dts": "^0.25.0", "semver": "^7.7.4", "tinyexec": "^1.1.2", "tinyglobby": "^0.2.16", "tree-kill": "^1.2.2", "unconfig-core": "^7.5.0" }, "peerDependencies": { "@arethetypeswrong/core": "^0.18.1", "@tsdown/css": "0.22.0", "@tsdown/exe": "0.22.0", "@vitejs/devtools": "*", "publint": "^0.3.8", "tsx": "*", "typescript": "^5.0.0 || ^6.0.0", "unplugin-unused": "^0.5.0", "unrun": "*" }, "optionalPeers": ["@arethetypeswrong/core", "@tsdown/css", "@tsdown/exe", "@vitejs/devtools", "publint", "tsx", "typescript", "unplugin-unused", "unrun"], "bin": { "tsdown": "./dist/run.mjs" } }, "sha512-FgW0hHb27nGQA/+F3d5+U9wKXkfilk9DVkc5+7x/ZqF03g+Hoz/eeApT32jqxATt9eRoR+1jxk7MUMON+O4CXw=="],

    "tslib": ["tslib@2.8.1", "", {}, "sha512-oJFu94HQb+KVduSUQL7wnpmqnfmLsOA/nAh6b6EH0wCEoK0/mPeXU6c3wKDV83MkOuHPRHtSXKKU99IBazS/2w=="],

    "type-fest": ["type-fest@5.4.4", "", { "dependencies": { "tagged-tag": "^1.0.0" } }, "sha512-JnTrzGu+zPV3aXIUhnyWJj4z/wigMsdYajGLIYakqyOW1nPllzXEJee0QQbHj+CTIQtXGlAjuK0UY+2xTyjVAw=="],

    "typescript": ["typescript@6.0.3", "", { "bin": { "tsc": "bin/tsc", "tsserver": "bin/tsserver" } }, "sha512-y2TvuxSZPDyQakkFRPZHKFm+KKVqIisdg9/CZwm9ftvKXLP8NRWj38/ODjNbr43SsoXqNuAisEf1GdCxqWcdBw=="],

    "unconfig-core": ["unconfig-core@7.5.0", "", { "dependencies": { "@quansync/fs": "^1.0.0", "quansync": "^1.0.0" } }, "sha512-Su3FauozOGP44ZmKdHy2oE6LPjk51M/TRRjHv2HNCWiDvfvCoxC2lno6jevMA91MYAdCdwP05QnWdWpSbncX/w=="],

    "undici-types": ["undici-types@7.24.6", "", {}, "sha512-WRNW+sJgj5OBN4/0JpHFqtqzhpbnV0GuB+OozA9gCL7a993SmU+1JBZCzLNxYsbMfIeDL+lTsphD5jN5N+n0zg=="],

    "write-file-atomic": ["write-file-atomic@5.0.1", "", { "dependencies": { "imurmurhash": "^0.1.4", "signal-exit": "^4.0.1" } }, "sha512-+QU2zd6OTD8XWIJCbffaiQeH9U73qIqafo1x6V1snCWYGJf6cVE0cDR4D8xRzcEnfI21IFrUPzPGtcPf8AC+Rw=="],

    "write-yaml-file": ["write-yaml-file@5.0.0", "", { "dependencies": { "js-yaml": "^4.1.0", "write-file-atomic": "^5.0.1" } }, "sha512-FdNA4RyH1L43TlvGG8qOMIfcEczwA5ij+zLXUy3Z83CjxhLvcV7/Q/8pk22wnCgYw7PJhtK+7lhO+qqyT4NdvQ=="],

    "yaml": ["yaml@2.8.4", "", { "bin": { "yaml": "bin.mjs" } }, "sha512-ml/JPOj9fOQK8RNnWojA67GbZ0ApXAUlN2UQclwv2eVgTgn7O9gg9o7paZWKMp4g0H3nTLtS9LVzhkpOFIKzog=="],

    "zod": ["zod@4.3.6", "", {}, "sha512-rftlrkhHZOcjDwkGlnUtZZkvaPHCsDATp4pGpuOOMDaTdDDXF91wuVDJoWoPsKX/3YPQ5fHuF3STjcYyKr+Qhg=="],

    "@babel/code-frame/@babel/helper-validator-identifier": ["@babel/helper-validator-identifier@7.28.5", "", {}, "sha512-qSs4ifwzKJSV39ucNjsvc6WVHs6b7S03sOh2OcHF9UHfVPqWWALUsNUVzhSBiItjRZoLHx7nIarVjqKVusUZ1Q=="],

    "@babel/generator/@babel/parser": ["@babel/parser@8.0.0-rc.5", "", { "dependencies": { "@babel/types": "^8.0.0-rc.5" }, "bin": "./bin/babel-parser.js" }, "sha512-/Mfg83rK3+jsRbl4Vbd0jqxc6M1A1/WNFtgrowRM1unEsD3XcNnrBdMM0JWakd0/RN9lseQKwPduW1TiEwKOlQ=="],

    "ast-kit/@babel/parser": ["@babel/parser@8.0.0-rc.5", "", { "dependencies": { "@babel/types": "^8.0.0-rc.5" }, "bin": "./bin/babel-parser.js" }, "sha512-/Mfg83rK3+jsRbl4Vbd0jqxc6M1A1/WNFtgrowRM1unEsD3XcNnrBdMM0JWakd0/RN9lseQKwPduW1TiEwKOlQ=="],

    "tsdown/ansis": ["ansis@4.3.0", "", {}, "sha512-44mvgtPvohuU/70DdY5Oz2AIrLJ9k6/5x4KmoSvPwO+5Moijo0+N9D0fKbbYZQWP1hNm5CpOf+E01jhxG/r8xg=="],
  }
}
