{
  "lockfileVersion": 1,
  "workspaces": {
    "": {
      "name": "example-backend-bun",
      "dependencies": {
        "@vlandoss/env": "file:../../package/.local/vlandoss-env.tgz",
        "hono": "4.12.18",
        "zod": "4.3.6",
      },
      "devDependencies": {
        "@biomejs/biome": "2.4.15",
        "@playwright/test": "1.59.1",
        "@rrlab/biome-config": "0.0.2",
        "@rrlab/biome-plugin": "1.1.0",
        "@rrlab/cli": "1.1.0",
        "@rrlab/ts-config": "0.0.2",
        "@rrlab/ts-plugin": "1.1.0",
        "@types/bun": "1.3.14",
        "playwright": "1.59.1",
        "typescript": "6.0.3",
      },
    },
  },
  "packages": {
    "@babel/code-frame": ["@babel/code-frame@7.29.0", "", { "dependencies": { "@babel/helper-validator-identifier": "^7.28.5", "js-tokens": "^4.0.0", "picocolors": "^1.1.1" } }, "sha512-9NhCeYjq9+3uxgdtp20LSiJXJvN0FeCtNGpJxuMFZ1Kv3cWUNb6DOhJwUvcVCzKGR66cw4njwM6hrJLqgOwbcw=="],

    "@babel/helper-string-parser": ["@babel/helper-string-parser@7.29.7", "", {}, "sha512-Pb5ijPrZ89GDH8223L4UP8i6QApWxs04RbPQJTeWDV0/keR2E36MeKnyr6LYmUUvqRRI+Iv87SuF1W6ErINzYw=="],

    "@babel/helper-validator-identifier": ["@babel/helper-validator-identifier@7.29.7", "", {}, "sha512-qehxGkRj55h/ff8EMaJ+cYhyaKlHIxqYDn682wQD7RNp9UujOQsHog2uS0r2vzr4pW+sXf90NeeayjcNaX3fFg=="],

    "@babel/parser": ["@babel/parser@7.29.7", "", { "dependencies": { "@babel/types": "^7.29.7" }, "bin": "./bin/babel-parser.js" }, "sha512-hnORnjP/1P/zFEndoeX+n+t1RwWRJiJpM/jO7FW32Kn9r5+sJB2JWOdYo4L6k78j15eCwY3Gm/7364B1EMwtNg=="],

    "@babel/types": ["@babel/types@7.29.7", "", { "dependencies": { "@babel/helper-string-parser": "^7.29.7", "@babel/helper-validator-identifier": "^7.29.7" } }, "sha512-4zBIxpPzowiZpusoFkyGVwakdRJUyuH5PxQ/PrqghfdFWWasvnCdPfQXHrenDai+gyLARulZjZowCOj6fjT4pA=="],

    "@bgotink/kdl": ["@bgotink/kdl@0.4.0", "", {}, "sha512-F0uJCjo5FQvFdcGF5QbYVNfcGiRWlocuzyIdQxottZF2+gu6L2xjMGEu9PIpse2hifAca/19vIospgaETCKxIg=="],

    "@biomejs/biome": ["@biomejs/biome@2.4.15", "", { "optionalDependencies": { "@biomejs/cli-darwin-arm64": "2.4.15", "@biomejs/cli-darwin-x64": "2.4.15", "@biomejs/cli-linux-arm64": "2.4.15", "@biomejs/cli-linux-arm64-musl": "2.4.15", "@biomejs/cli-linux-x64": "2.4.15", "@biomejs/cli-linux-x64-musl": "2.4.15", "@biomejs/cli-win32-arm64": "2.4.15", "@biomejs/cli-win32-x64": "2.4.15" }, "bin": { "biome": "bin/biome" } }, "sha512-j5VH3a/h/HXTKBM50MDMxRCzkeLv9S2XJcW2WgnZT1+xyisi+0bISrXR82gCX+8S9lvK0skEvHJRN+3Ktr2hlw=="],

    "@biomejs/cli-darwin-arm64": ["@biomejs/cli-darwin-arm64@2.4.15", "", { "os": "darwin", "cpu": "arm64" }, "sha512-rF3PPqLq1yoST79zaQbDjVJwsuIeci/O+9bgNmC5QpgOqz6aqYuzA4abyAGx+mgyiDXn4A049xAN8gijbuR1Qg=="],

    "@biomejs/cli-darwin-x64": ["@biomejs/cli-darwin-x64@2.4.15", "", { "os": "darwin", "cpu": "x64" }, "sha512-/5KHXYMfSJs1fNXiX30xFtI8JcCFV6zaVVLxOa0M2sfqBKHkpQhRTv94yxQWxeTY2lzo2OuTlNvPC+hDQt2wcQ=="],

    "@biomejs/cli-linux-arm64": ["@biomejs/cli-linux-arm64@2.4.15", "", { "os": "linux", "cpu": "arm64" }, "sha512-owaAMZD/T4LrD0ELNCk0Km3qrRHuM0X6EAyVE1FSqGY0rbLoiDLrO4Us2tllm6cAeB2Ioa9C2C08NZPdr8+0Ug=="],

    "@biomejs/cli-linux-arm64-musl": ["@biomejs/cli-linux-arm64-musl@2.4.15", "", { "os": "linux", "cpu": "arm64" }, "sha512-ZPcxznxm0pogHBLZhYntyR3sR+MrZjqJIKEr7ZqVen0Rl+P/4upVmfYXjftizi9RoqZntg33fv/1fbdhbYXpEQ=="],

    "@biomejs/cli-linux-x64": ["@biomejs/cli-linux-x64@2.4.15", "", { "os": "linux", "cpu": "x64" }, "sha512-0jj7THz12GbUOLmMibktK6DZjqz2zV64KFxyBtcFTKPiiOIY0a7vns1elpO1dERvxpsZ5ik0oFfz0oGwFde1+g=="],

    "@biomejs/cli-linux-x64-musl": ["@biomejs/cli-linux-x64-musl@2.4.15", "", { "os": "linux", "cpu": "x64" }, "sha512-CNq/9W38SYSH023lfcQ4KKU8K0YX8T//FZUhcgtMMRABDojx5XsMV7jlweAvGSl389wJQB29Qo6Zb/a+jdvt+w=="],

    "@biomejs/cli-win32-arm64": ["@biomejs/cli-win32-arm64@2.4.15", "", { "os": "win32", "cpu": "arm64" }, "sha512-ouhkYdlhp/1GghEJPdWwD/Vi3gQ1nFxuSpMolWsbq3Lsq3QUR4jl6UdhhscdCugKU5vOEuMiJhvKj66O0OCq+w=="],

    "@biomejs/cli-win32-x64": ["@biomejs/cli-win32-x64@2.4.15", "", { "os": "win32", "cpu": "x64" }, "sha512-zBrGq5mx5wwpnow4+2BxUvleDM+GNd4sLbPaMapsSLQLD0NGRCquqPBTgN+7XkUteHvj7M+BstuI8tmnV7+HgQ=="],

    "@clack/core": ["@clack/core@0.5.0", "", { "dependencies": { "picocolors": "^1.0.0", "sisteransi": "^1.0.5" } }, "sha512-p3y0FIOwaYRUPRcMO7+dlmLh8PSRcrjuTndsiA0WAFbWES0mLZlrjVoBRZ9DzkPFJZG6KGkJmoEAY0ZcVWTkow=="],

    "@clack/prompts": ["@clack/prompts@0.11.0", "", { "dependencies": { "@clack/core": "0.5.0", "picocolors": "^1.0.0", "sisteransi": "^1.0.5" } }, "sha512-pMN5FcrEw9hUkZA4f+zLlzivQSeQf5dRGJjSUbvVYDLvpKCdQx5OaknvKzgbtXOizhP+SJJJjqEbOe55uKKfAw=="],

    "@gwhitney/detect-indent": ["@gwhitney/detect-indent@7.0.1", "", {}, "sha512-7bQW+gkKa2kKZPeJf6+c6gFK9ARxQfn+FKy9ScTBppyKRWH2KzsmweXUoklqeEiHiNVWaeP5csIdsNq6w7QhzA=="],

    "@playwright/test": ["@playwright/test@1.59.1", "", { "dependencies": { "playwright": "1.59.1" }, "bin": { "playwright": "cli.js" } }, "sha512-PG6q63nQg5c9rIi4/Z5lR5IVF7yU5MqmKaPOe0HSc0O2cX1fPi96sUQu5j7eo4gKCkB2AnNGoWt7y4/Xx3Kcqg=="],

    "@pnpm/constants": ["@pnpm/constants@1001.3.1", "", {}, "sha512-2hf0s4pVrVEH8RvdJJ7YRKjQdiG8m0iAT26TTqXnCbK30kKwJW69VLmP5tED5zstmDRXcOeH5eRcrpkdwczQ9g=="],

    "@pnpm/core-loggers": ["@pnpm/core-loggers@1001.0.9", "", { "dependencies": { "@pnpm/types": "1001.3.0" }, "peerDependencies": { "@pnpm/logger": ">=1001.0.0 <1002.0.0" } }, "sha512-pW58m3ssrwVjwhlmTXDW1dh1sv2y6R2Gl5YvQInjM2d01/5mre/sYAY4MK3XfgEShZJQxv6wVXDUvyHHJ0oizg=="],

    "@pnpm/error": ["@pnpm/error@1000.1.0", "", { "dependencies": { "@pnpm/constants": "1001.3.1" } }, "sha512-Dqc2IJJPjUatwc9Letw+vG29rnaMrDGi5g6WCx1HiZYm0obXbTmLygeRafMbgf+sLKXrWE1shOeiayQuczBdoA=="],

    "@pnpm/fs.find-packages": ["@pnpm/fs.find-packages@1000.0.24", "", { "dependencies": { "@pnpm/read-project-manifest": "1001.2.6", "@pnpm/types": "1001.3.0", "@pnpm/util.lex-comparator": "^3.0.2", "p-filter": "^2.1.0", "tinyglobby": "^0.2.15" } }, "sha512-6r2lpvoljgTvQ+CiJYz3jCunzO1PM6g1Cqc3xon49he8sgg8BatMsNxcGnuZWK//du80+ylS/uBXKxwuHMuHUw=="],

    "@pnpm/graceful-fs": ["@pnpm/graceful-fs@1000.1.0", "", { "dependencies": { "graceful-fs": "^4.2.11" } }, "sha512-EsMX4slK0qJN2AR0/AYohY5m0HQNYGMNe+jhN74O994zp22/WbX+PbkIKyw3UQn39yQm2+z6SgwklDxbeapsmQ=="],

    "@pnpm/logger": ["@pnpm/logger@1001.0.1", "", { "dependencies": { "bole": "^5.0.17", "split2": "^4.2.0" } }, "sha512-gdwlAMXC4Wc0s7Dmg/4wNybMEd/4lSd9LsXQxeg/piWY0PPXjgz1IXJWnVScx6dZRaaodWP3c1ornrw8mZdFZw=="],

    "@pnpm/manifest-utils": ["@pnpm/manifest-utils@1002.0.5", "", { "dependencies": { "@pnpm/core-loggers": "1001.0.9", "@pnpm/error": "1000.1.0", "@pnpm/semver.peer-range": "1000.0.0", "@pnpm/types": "1001.3.0", "semver": "^7.7.4" }, "peerDependencies": { "@pnpm/logger": "^1001.0.1" } }, "sha512-2DSwQ6pP73IuJS5mCCtPd5fibJwuAdufXKuSL/Oq1n6AggCqy8616Xea1X3RH3z5dL4mn7Z4EZ+vnX8jX3Wrfw=="],

    "@pnpm/read-project-manifest": ["@pnpm/read-project-manifest@1001.2.6", "", { "dependencies": { "@gwhitney/detect-indent": "7.0.1", "@pnpm/error": "1000.1.0", "@pnpm/graceful-fs": "1000.1.0", "@pnpm/manifest-utils": "1002.0.5", "@pnpm/text.comments-parser": "1000.0.0", "@pnpm/types": "1001.3.0", "@pnpm/write-project-manifest": "1000.0.16", "fast-deep-equal": "^3.1.3", "is-windows": "^1.0.2", "json5": "^2.2.3", "parse-json": "^5.2.0", "read-yaml-file": "^2.1.0", "strip-bom": "^4.0.0" }, "peerDependencies": { "@pnpm/logger": "^1001.0.1" } }, "sha512-BcNO50lAkE4m9JaJ0WmG3m/DH/qLSvMgZywtmb/dfyyLVu5nDZfDqmOd8U+f1NhLcLMbBK6AnS3hyUqZYvw9Vg=="],

    "@pnpm/semver.peer-range": ["@pnpm/semver.peer-range@1000.0.0", "", { "dependencies": { "semver": "^7.6.2" } }, "sha512-r6VzkrdH7ZKjPmAogTNvxuV/UyS/xwHNme+ZuEFiG0UthZgqudDftYtKmG20fcfrjG1lgJbbWICA8KvZy7mmbw=="],

    "@pnpm/text.comments-parser": ["@pnpm/text.comments-parser@1000.0.0", "", { "dependencies": { "strip-comments-strings": "1.2.0" } }, "sha512-ivv/esrETOq9uMiKOC0ddVZ1BktEGsfsMQ9RWmrDpwPiqFSqWsIspnquxTBmm5GflC5N06fbqjGOpulZVYo3vQ=="],

    "@pnpm/types": ["@pnpm/types@1001.3.0", "", {}, "sha512-NLTXheat/u7OEGg5M5vF6Z85zx8uKUZE0+whtX/sbFV2XL48RdnOWGPTKYuVVkv8M+launaLUTgGEXNs/ess2w=="],

    "@pnpm/util.lex-comparator": ["@pnpm/util.lex-comparator@3.0.2", "", {}, "sha512-blFO4Ws97tWv/SNE6N39ZdGmZBrocXnBOfVp0ln4kELmns4pGPZizqyRtR8EjfOLMLstbmNCTReBoDvLz1isVg=="],

    "@pnpm/write-project-manifest": ["@pnpm/write-project-manifest@1000.0.16", "", { "dependencies": { "@pnpm/text.comments-parser": "1000.0.0", "@pnpm/types": "1001.3.0", "json5": "^2.2.3", "write-file-atomic": "^5.0.1", "write-yaml-file": "^5.0.0" } }, "sha512-zG68fk03ryot7TWUl9S/ShQ91uHWzIL9sVr2aQCuNHJo8G9kjsG6S0p58Zj/voahdDQeakZYYBSJ0mjNZeiJnw=="],

    "@rrlab/biome-config": ["@rrlab/biome-config@0.0.2", "", { "peerDependencies": { "@biomejs/biome": ">=2.0.0" } }, "sha512-b54jSWnYejnTSemC/arKz8glA/5W/iLhyEmd/aznYZEXT18pHtRtYz76bMJHZfElmcU3woGC2adHtXBI3/Sing=="],

    "@rrlab/biome-plugin": ["@rrlab/biome-plugin@1.1.0", "", { "dependencies": { "@vlandoss/clibuddy": "0.7.0", "comment-json": "4.2.5" }, "peerDependencies": { "@biomejs/biome": ">=2.0.0", "@rrlab/cli": "^1.1.0" } }, "sha512-DJll0Yfw3jifr7wUz20sDz7Ow6dCOtsvJYT6su3zM7niPb0KZ7OI3xrc4wPgf5dbsgbttKyv+6dzeKQsROmg7Q=="],

    "@rrlab/cli": ["@rrlab/cli@1.1.0", "", { "dependencies": { "@clack/prompts": "0.11.0", "@usage-spec/commander": "1.1.0", "@vlandoss/clibuddy": "0.7.0", "@vlandoss/loggy": "0.2.1", "commander": "14.0.3", "comment-json": "4.2.5", "glob": "13.0.6", "lilconfig": "3.1.3", "magicast": "0.3.5", "memoize": "10.2.0", "nypm": "0.6.0", "rimraf": "6.1.3" }, "bin": { "rr": "bin" } }, "sha512-jK+NGnxfr5dfZze7gynYpmvMiecPxC+Z67GuHVxqSW6pM4gr1nw8q8OHALl4urmZbDnXmKMAIoSh/acvfp/YbA=="],

    "@rrlab/ts-config": ["@rrlab/ts-config@0.0.2", "", { "dependencies": { "@total-typescript/tsconfig": "1.0.4" }, "peerDependencies": { "@types/node": ">=20", "typescript": ">=5.0.0" }, "optionalPeers": ["@types/node"] }, "sha512-Tt+XP7TE21Ev17kvpmhjrnmHWx/LI7iJ3cz7sTaYgTWkiFTicr9h9NCwcHaVDswCXo52jKyaQZOHfBkACgXB7Q=="],

    "@rrlab/ts-plugin": ["@rrlab/ts-plugin@1.1.0", "", { "dependencies": { "@vlandoss/clibuddy": "0.7.0", "comment-json": "4.2.5" }, "peerDependencies": { "@rrlab/cli": "^1.1.0", "typescript": ">=5.0.0" } }, "sha512-uHQOP7fgwFeLsiP36+0TMR7iDjb1LH8mP1d9loRTzMwrtlcl2CqM+5DmIJBdwb6n/sBe2+Ej6wW61IL8q+5o5Q=="],

    "@standard-schema/spec": ["@standard-schema/spec@1.1.0", "", {}, "sha512-l2aFy5jALhniG5HgqrD6jXLi/rUWrKvqN/qJx6yoJsgKhblVd+iqqU4RCXavm/jPityDo5TCvKMnpjKnOriy0w=="],

    "@total-typescript/tsconfig": ["@total-typescript/tsconfig@1.0.4", "", {}, "sha512-fO4ctMPGz1kOFOQ4RCPBRBfMy3gDn+pegUfrGyUFRMv/Rd0ZM3/SHH3hFCYG4u6bPLG8OlmOGcBLDexvyr3A5w=="],

    "@types/bun": ["@types/bun@1.3.14", "", { "dependencies": { "bun-types": "1.3.14" } }, "sha512-h1hFqFVcvAvD9j9K7ZW7vd82aSA+rTdznZa+5bwvCwqSB1jmmfLcbIWhOLx1/+boy/xmjgCs/OMUL8hRJSmnPw=="],

    "@types/node": ["@types/node@25.8.0", "", { "dependencies": { "undici-types": ">=7.24.0 <7.24.7" } }, "sha512-TCFSk8IZh+iLX1xtksoBVtdmgL+1IX0fC9BeU4QqFSuNdN/K+HUlhqOzEmSYYpZUVsLYcPqc9KX+60iDuninSQ=="],

    "@usage-spec/commander": ["@usage-spec/commander@1.1.0", "", { "dependencies": { "@usage-spec/core": "^1.1.0", "commander": "^14.0.3" } }, "sha512-hVv+ccKtcPaiaywLrm7Q/Nb4nGdRD319FBhfmTWQq3yUlS1SK/pmwyn0+BFQGAYN4uOMxvYDrqPH+qXpmINrkg=="],

    "@usage-spec/core": ["@usage-spec/core@1.1.0", "", { "dependencies": { "@bgotink/kdl": "^0.4.0" } }, "sha512-OjcN6IWdvuxN6bZYknTPIx9n/UTZODtGNaQEQe3yN7Y5DluH8/UJ8GeG+C0hNBWc/OePc0n9MmBw3rTbtoRVKg=="],

    "@vlandoss/clibuddy": ["@vlandoss/clibuddy@0.7.0", "", { "dependencies": { "@pnpm/fs.find-packages": "1000.0.24", "@pnpm/types": "1001.3.0", "ansis": "4.2.0", "memoize": "10.2.0", "pkg-types": "2.3.0", "std-env": "3.9.0", "tinyexec": "1.1.2", "yaml": "2.8.4" } }, "sha512-Z/2oPgBW3xrkL0L8Ug6WRmDmaYR7X8V38IaIMIcZhMCnlTXZALrajfj8n/ZAe07Y/A0kkoXz/ZIgJKYFoX+Twg=="],

    "@vlandoss/env": ["@vlandoss/env@../../package/.local/vlandoss-env.tgz", { "dependencies": { "@standard-schema/spec": "1.1.0", "defu": "6.1.7", "type-fest": "5.4.4" }, "peerDependencies": { "react": ">=19", "react-dom": ">=19", "vite": ">=5", "zod": "^4" }, "optionalPeers": ["react", "react-dom", "vite", "zod"] }],

    "@vlandoss/loggy": ["@vlandoss/loggy@0.2.1", "", { "dependencies": { "consola": "3.4.2", "debug": "4.4.3" } }, "sha512-M/Lx4FTF54+EQalmGGKpsk52LzdHVS6s38JWzObMDJqZ8Odx3Q3US2kpTGeOZIWx/alCRucne+ud+zQIuzl9DA=="],

    "ansis": ["ansis@4.2.0", "", {}, "sha512-HqZ5rWlFjGiV0tDm3UxxgNRqsOTniqoKZu0pIAfh7TZQMGuZK+hH0drySty0si0QXj1ieop4+SkSfPZBPPkHig=="],

    "argparse": ["argparse@2.0.1", "", {}, "sha512-8+9WqebbFzpX9OR+Wa6O29asIogeRMzcGtAINdpMHHyAg10f05aSFVBbcEqGf/PXw1EjAZ+q2/bEBg3DvurK3Q=="],

    "array-timsort": ["array-timsort@1.0.3", "", {}, "sha512-/+3GRL7dDAGEfM6TseQk/U+mi18TU2Ms9I3UlLdUMhz2hbvGNTKdj9xniwXfUqgYhHxRx0+8UnKkvlNwVU+cWQ=="],

    "balanced-match": ["balanced-match@4.0.4", "", {}, "sha512-BLrgEcRTwX2o6gGxGOCNyMvGSp35YofuYzw9h1IMTRmKqttAZZVU67bdb9Pr2vUHA8+j3i2tJfjO6C6+4myGTA=="],

    "bole": ["bole@5.0.29", "", { "dependencies": { "fast-safe-stringify": "^2.0.7", "individual": "^3.0.0" } }, "sha512-eYR9i2ubLv5/4TFGyZsQ1cVH4jF9+qLJA72Aow+E7ZZQfqHqQNUZeX3w+pVWF76PQyjl5eDKf2xylyOOX76ozA=="],

    "brace-expansion": ["brace-expansion@5.0.6", "", { "dependencies": { "balanced-match": "^4.0.2" } }, "sha512-kLpxurY4Z4r9sgMsyG0Z9uzsBlgiU/EFKhj/h91/8yHu0edo7XuixOIH3VcJ8kkxs6/jPzoI6U9Vj3WqbMQ94g=="],

    "bun-types": ["bun-types@1.3.14", "", { "dependencies": { "@types/node": "*" } }, "sha512-4N0ig0fEomHt5R0KCFWjovxow98rIoRwKolrYdCcknNwMekCXRnWEUvgu5soYV8QXtVsrUD8B95MBOZGPvr6KQ=="],

    "citty": ["citty@0.1.6", "", { "dependencies": { "consola": "^3.2.3" } }, "sha512-tskPPKEs8D2KPafUypv2gxwJP8h/OaJmC82QQGGDQcHvXX43xF2VDACcJVmZ0EuSxkpO9Kc4MlrA3q0+FG58AQ=="],

    "commander": ["commander@14.0.3", "", {}, "sha512-H+y0Jo/T1RZ9qPP4Eh1pkcQcLRglraJaSLoyOtHxu6AapkjWVCy2Sit1QQ4x3Dng8qDlSsZEet7g5Pq06MvTgw=="],

    "comment-json": ["comment-json@4.2.5", "", { "dependencies": { "array-timsort": "^1.0.3", "core-util-is": "^1.0.3", "esprima": "^4.0.1", "has-own-prop": "^2.0.0", "repeat-string": "^1.6.1" } }, "sha512-bKw/r35jR3HGt5PEPm1ljsQQGyCrR8sFGNiN5L+ykDHdpO8Smxkrkla9Yi6NkQyUrb8V54PGhfMs6NrIwtxtdw=="],

    "confbox": ["confbox@0.2.4", "", {}, "sha512-ysOGlgTFbN2/Y6Cg3Iye8YKulHw+R2fNXHrgSmXISQdMnomY6eNDprVdW9R5xBguEqI954+S6709UyiO7B+6OQ=="],

    "consola": ["consola@3.4.2", "", {}, "sha512-5IKcdX0nnYavi6G7TtOhwkYzyjfJlatbjMjuLSfE2kYT5pMDOilZ4OvMhi637CcDICTmz3wARPoyhqyX1Y+XvA=="],

    "core-util-is": ["core-util-is@1.0.3", "", {}, "sha512-ZQBvi1DcpJ4GDqanjucZ2Hj3wEO5pZDS89BWbkcrvdxksJorwUDDZamX9ldFkp9aw2lmBDLgkObEA4DWNJ9FYQ=="],

    "debug": ["debug@4.4.3", "", { "dependencies": { "ms": "^2.1.3" } }, "sha512-RGwwWnwQvkVfavKVt22FGLw+xYSdzARwm0ru6DhTVA3umU5hZc28V3kO4stgYryrTlLpuvgI9GiijltAjNbcqA=="],

    "defu": ["defu@6.1.7", "", {}, "sha512-7z22QmUWiQ/2d0KkdYmANbRUVABpZ9SNYyH5vx6PZ+nE5bcC0l7uFvEfHlyld/HcGBFTL536ClDt3DEcSlEJAQ=="],

    "error-ex": ["error-ex@1.3.4", "", { "dependencies": { "is-arrayish": "^0.2.1" } }, "sha512-sqQamAnR14VgCr1A618A3sGrygcpK+HEbenA/HiEAkkUwcZIIB/tgWqHFxWgOyDh4nB4JCRimh79dR5Ywc9MDQ=="],

    "esprima": ["esprima@4.0.1", "", { "bin": { "esparse": "./bin/esparse.js", "esvalidate": "./bin/esvalidate.js" } }, "sha512-eGuFFw7Upda+g4p+QHvnW0RyTX/SVeJBDM/gCtMARO0cLuT2HcEKnTPvhjV6aGeqrCB/sbNop0Kszm0jsaWU4A=="],

    "exsolve": ["exsolve@1.0.8", "", {}, "sha512-LmDxfWXwcTArk8fUEnOfSZpHOJ6zOMUJKOtFLFqJLoKJetuQG874Uc7/Kki7zFLzYybmZhp1M7+98pfMqeX8yA=="],

    "fast-deep-equal": ["fast-deep-equal@3.1.3", "", {}, "sha512-f3qQ9oQy9j2AhBe/H9VC91wLmKBCCU/gDOnKNAYG5hswO7BLKj09Hc5HYNz9cGI++xlpDCIgDaitVs03ATR84Q=="],

    "fast-safe-stringify": ["fast-safe-stringify@2.1.1", "", {}, "sha512-W+KJc2dmILlPplD/H4K9l9LcAHAfPtP6BY84uVLXQ6Evcz9Lcg33Y2z1IVblT6xdY54PXYVHEv+0Wpq8Io6zkA=="],

    "fdir": ["fdir@6.5.0", "", { "peerDependencies": { "picomatch": "^3 || ^4" }, "optionalPeers": ["picomatch"] }, "sha512-tIbYtZbucOs0BRGqPJkshJUYdL+SDH7dVM8gjy+ERp3WAUjLEFJE+02kanyHtwjWOnwrKYBiwAmM0p4kLJAnXg=="],

    "fsevents": ["fsevents@2.3.2", "", { "os": "darwin" }, "sha512-xiqMQR4xAeHTuB9uWm+fFRcIOgKBMiOBP+eXiyT7jsgVCq1bkVygt00oASowB7EdtpOHaaPgKt812P9ab+DDKA=="],

    "glob": ["glob@13.0.6", "", { "dependencies": { "minimatch": "^10.2.2", "minipass": "^7.1.3", "path-scurry": "^2.0.2" } }, "sha512-Wjlyrolmm8uDpm/ogGyXZXb1Z+Ca2B8NbJwqBVg0axK9GbBeoS7yGV6vjXnYdGm6X53iehEuxxbyiKp8QmN4Vw=="],

    "graceful-fs": ["graceful-fs@4.2.11", "", {}, "sha512-RbJ5/jmFcNNCcDV5o9eTnBLJ/HszWV0P73bc+Ff4nS/rJj+YaS6IGyiOL0VoBYX+l1Wrl3k63h/KrH+nhJ0XvQ=="],

    "has-own-prop": ["has-own-prop@2.0.0", "", {}, "sha512-Pq0h+hvsVm6dDEa8x82GnLSYHOzNDt7f0ddFa3FqcQlgzEiptPqL+XrOJNavjOzSYiYWIrgeVYYgGlLmnxwilQ=="],

    "hono": ["hono@4.12.18", "", {}, "sha512-RWzP96k/yv0PQfyXnWjs6zot20TqfpfsNXhOnev8d1InAxubW93L11/oNUc3tQqn2G0bSdAOBpX+2uDFHV7kdQ=="],

    "imurmurhash": ["imurmurhash@0.1.4", "", {}, "sha512-JmXMZ6wuvDmLiHEml9ykzqO6lwFbof0GG4IkcGaENdCRDDmMVnny7s5HsIgHCbaq0w2MyPhDqkhTUgS2LU2PHA=="],

    "individual": ["individual@3.0.0", "", {}, "sha512-rUY5vtT748NMRbEMrTNiFfy29BgGZwGXUi2NFUVMWQrogSLzlJvQV9eeMWi+g1aVaQ53tpyLAQtd5x/JH0Nh1g=="],

    "is-arrayish": ["is-arrayish@0.2.1", "", {}, "sha512-zz06S8t0ozoDXMG+ube26zeCTNXcKIPJZJi8hBrF4idCLms4CG9QtK7qBl1boi5ODzFpjswb5JPmHCbMpjaYzg=="],

    "is-windows": ["is-windows@1.0.2", "", {}, "sha512-eXK1UInq2bPmjyX6e3VHIzMLobc4J94i4AWn+Hpq3OU5KkrRC96OAcR3PRJ/pGu6m8TRnBHP9dkXQVsT/COVIA=="],

    "js-tokens": ["js-tokens@4.0.0", "", {}, "sha512-RdJUflcE3cUzKiMqQgsCu06FPu9UdIJO0beYbPhHN4k6apgJtifcoCtT9bcxOpYBtpD2kCM6Sbzg4CausW/PKQ=="],

    "js-yaml": ["js-yaml@4.1.1", "", { "dependencies": { "argparse": "^2.0.1" }, "bin": { "js-yaml": "bin/js-yaml.js" } }, "sha512-qQKT4zQxXl8lLwBtHMWwaTcGfFOZviOJet3Oy/xmGk2gZH677CJM9EvtfdSkgWcATZhj/55JZ0rmy3myCT5lsA=="],

    "json-parse-even-better-errors": ["json-parse-even-better-errors@2.3.1", "", {}, "sha512-xyFwyhro/JEof6Ghe2iz2NcXoj2sloNsWr/XsERDK/oiPCfaNhl5ONfp+jQdAZRQQ0IJWNzH9zIZF7li91kh2w=="],

    "json5": ["json5@2.2.3", "", { "bin": { "json5": "lib/cli.js" } }, "sha512-XmOWe7eyHYH14cLdVPoyg+GOH3rYX++KpzrylJwSW98t3Nk+U8XOl8FWKOgwtzdb8lXGf6zYwDUzeHMWfxasyg=="],

    "lilconfig": ["lilconfig@3.1.3", "", {}, "sha512-/vlFKAoH5Cgt3Ie+JLhRbwOsCQePABiU3tJ1egGvyQ+33R/vcwM2Zl2QR/LzjsBeItPt3oSVXapn+m4nQDvpzw=="],

    "lines-and-columns": ["lines-and-columns@1.2.4", "", {}, "sha512-7ylylesZQ/PV29jhEDl3Ufjo6ZX7gCqJr5F7PKrqc93v7fzSymt1BpwEU8nAUXs8qzzvqhbjhK5QZg6Mt/HkBg=="],

    "lru-cache": ["lru-cache@11.3.6", "", {}, "sha512-Gf/KoL3C/MlI7Bt0PGI9I+TeTC/I6r/csU58N4BSNc4lppLBeKsOdFYkK+dX0ABDUMJNfCHTyPpzwwO21Awd3A=="],

    "magicast": ["magicast@0.3.5", "", { "dependencies": { "@babel/parser": "^7.25.4", "@babel/types": "^7.25.4", "source-map-js": "^1.2.0" } }, "sha512-L0WhttDl+2BOsybvEOLK7fW3UA0OQ0IQ2d6Zl2x/a6vVRs3bAY0ECOSHHeL5jD+SbOpOCUEi0y1DgHEn9Qn1AQ=="],

    "memoize": ["memoize@10.2.0", "", { "dependencies": { "mimic-function": "^5.0.1" } }, "sha512-DeC6b7QBrZsRs3Y02A6A7lQyzFbsQbqgjI6UW0GigGWV+u1s25TycMr0XHZE4cJce7rY/vyw2ctMQqfDkIhUEA=="],

    "mimic-function": ["mimic-function@5.0.1", "", {}, "sha512-VP79XUPxV2CigYP3jWwAUFSku2aKqBH7uTAapFWCBqutsbmDo96KY5o8uh6U+/YSIn5OxJnXp73beVkpqMIGhA=="],

    "minimatch": ["minimatch@10.2.5", "", { "dependencies": { "brace-expansion": "^5.0.5" } }, "sha512-MULkVLfKGYDFYejP07QOurDLLQpcjk7Fw+7jXS2R2czRQzR56yHRveU5NDJEOviH+hETZKSkIk5c+T23GjFUMg=="],

    "minipass": ["minipass@7.1.3", "", {}, "sha512-tEBHqDnIoM/1rXME1zgka9g6Q2lcoCkxHLuc7ODJ5BxbP5d4c2Z5cGgtXAku59200Cx7diuHTOYfSBD8n6mm8A=="],

    "ms": ["ms@2.1.3", "", {}, "sha512-6FlzubTLZG3J2a/NVCAleEhjzq5oxgHyaCU9yYXvcLsvoVaHJq/s5xXI6/XXP6tz7R9xAOtHnSO/tXtF3WRTlA=="],

    "nypm": ["nypm@0.6.0", "", { "dependencies": { "citty": "^0.1.6", "consola": "^3.4.0", "pathe": "^2.0.3", "pkg-types": "^2.0.0", "tinyexec": "^0.3.2" }, "bin": { "nypm": "dist/cli.mjs" } }, "sha512-mn8wBFV9G9+UFHIrq+pZ2r2zL4aPau/by3kJb3cM7+5tQHMt6HGQB8FDIeKFYp8o0D2pnH6nVsO88N4AmUxIWg=="],

    "p-filter": ["p-filter@2.1.0", "", { "dependencies": { "p-map": "^2.0.0" } }, "sha512-ZBxxZ5sL2HghephhpGAQdoskxplTwr7ICaehZwLIlfL6acuVgZPm8yBNuRAFBGEqtD/hmUeq9eqLg2ys9Xr/yw=="],

    "p-map": ["p-map@2.1.0", "", {}, "sha512-y3b8Kpd8OAN444hxfBbFfj1FY/RjtTd8tzYwhUqNYXx0fXx2iX4maP4Qr6qhIKbQXI02wTLAda4fYUbDagTUFw=="],

    "package-json-from-dist": ["package-json-from-dist@1.0.1", "", {}, "sha512-UEZIS3/by4OC8vL3P2dTXRETpebLI2NiI5vIrjaD/5UtrkFX/tNbwjTSRAGC/+7CAo2pIcBaRgWmcBBHcsaCIw=="],

    "parse-json": ["parse-json@5.2.0", "", { "dependencies": { "@babel/code-frame": "^7.0.0", "error-ex": "^1.3.1", "json-parse-even-better-errors": "^2.3.0", "lines-and-columns": "^1.1.6" } }, "sha512-ayCKvm/phCGxOkYRSCM82iDwct8/EonSEgCSxWxD7ve6jHggsFl4fZVQBPRNgQoKiuV/odhFrGzQXZwbifC8Rg=="],

    "path-scurry": ["path-scurry@2.0.2", "", { "dependencies": { "lru-cache": "^11.0.0", "minipass": "^7.1.2" } }, "sha512-3O/iVVsJAPsOnpwWIeD+d6z/7PmqApyQePUtCndjatj/9I5LylHvt5qluFaBT3I5h3r1ejfR056c+FCv+NnNXg=="],

    "pathe": ["pathe@2.0.3", "", {}, "sha512-WUjGcAqP1gQacoQe+OBJsFA7Ld4DyXuUIjZ5cc75cLHvJ7dtNsTugphxIADwspS+AraAUePCKrSVtPLFj/F88w=="],

    "picocolors": ["picocolors@1.1.1", "", {}, "sha512-xceH2snhtb5M9liqDsmEw56le376mTZkEX/jEb/RxNFyegNul7eNslCXP9FDj/Lcu0X8KEyMceP2ntpaHrDEVA=="],

    "picomatch": ["picomatch@4.0.4", "", {}, "sha512-QP88BAKvMam/3NxH6vj2o21R6MjxZUAd6nlwAS/pnGvN9IVLocLHxGYIzFhg6fUQ+5th6P4dv4eW9jX3DSIj7A=="],

    "pkg-types": ["pkg-types@2.3.0", "", { "dependencies": { "confbox": "^0.2.2", "exsolve": "^1.0.7", "pathe": "^2.0.3" } }, "sha512-SIqCzDRg0s9npO5XQ3tNZioRY1uK06lA41ynBC1YmFTmnY6FjUjVt6s4LoADmwoig1qqD0oK8h1p/8mlMx8Oig=="],

    "playwright": ["playwright@1.59.1", "", { "dependencies": { "playwright-core": "1.59.1" }, "optionalDependencies": { "fsevents": "2.3.2" }, "bin": { "playwright": "cli.js" } }, "sha512-C8oWjPR3F81yljW9o5OxcWzfh6avkVwDD2VYdwIGqTkl+OGFISgypqzfu7dOe4QNLL2aqcWBmI3PMtLIK233lw=="],

    "playwright-core": ["playwright-core@1.59.1", "", { "bin": { "playwright-core": "cli.js" } }, "sha512-HBV/RJg81z5BiiZ9yPzIiClYV/QMsDCKUyogwH9p3MCP6IYjUFu/MActgYAvK0oWyV9NlwM3GLBjADyWgydVyg=="],

    "read-yaml-file": ["read-yaml-file@2.1.0", "", { "dependencies": { "js-yaml": "^4.0.0", "strip-bom": "^4.0.0" } }, "sha512-UkRNRIwnhG+y7hpqnycCL/xbTk7+ia9VuVTC0S+zVbwd65DI9eUpRMfsWIGrCWxTU/mi+JW8cHQCrv+zfCbEPQ=="],

    "repeat-string": ["repeat-string@1.6.1", "", {}, "sha512-PV0dzCYDNfRi1jCDbJzpW7jNNDRuCOG/jI5ctQcGKt/clZD+YcPS3yIlWuTJMmESC8aevCFmWJy5wjAFgNqN6w=="],

    "rimraf": ["rimraf@6.1.3", "", { "dependencies": { "glob": "^13.0.3", "package-json-from-dist": "^1.0.1" }, "bin": { "rimraf": "dist/esm/bin.mjs" } }, "sha512-LKg+Cr2ZF61fkcaK1UdkH2yEBBKnYjTyWzTJT6KNPcSPaiT7HSdhtMXQuN5wkTX0Xu72KQ1l8S42rlmexS2hSA=="],

    "semver": ["semver@7.8.0", "", { "bin": { "semver": "bin/semver.js" } }, "sha512-AcM7dV/5ul4EekoQ29Agm5vri8JNqRyj39o0qpX6vDF2GZrtutZl5RwgD1XnZjiTAfncsJhMI48QQH3sN87YNA=="],

    "signal-exit": ["signal-exit@4.1.0", "", {}, "sha512-bzyZ1e88w9O1iNJbKnOlvYTrWPDl46O1bG0D3XInv+9tkPrxrN8jUUTiFlDkkmKWgn1M6CfIA13SuGqOa9Korw=="],

    "sisteransi": ["sisteransi@1.0.5", "", {}, "sha512-bLGGlR1QxBcynn2d5YmDX4MGjlZvy2MRBDRNHLJ8VI6l6+9FUiyTFNJ0IveOSP0bcXgVDPRcfGqA0pjaqUpfVg=="],

    "source-map-js": ["source-map-js@1.2.1", "", {}, "sha512-UXWMKhLOwVKb728IUtQPXxfYU+usdybtUrK/8uGE8CQMvrhOpwvzDBwj0QhSL7MQc7vIsISBG8VQ8+IDQxpfQA=="],

    "split2": ["split2@4.2.0", "", {}, "sha512-UcjcJOWknrNkF6PLX83qcHM6KHgVKNkV62Y8a5uYDVv9ydGQVwAHMKqHdJje1VTWpljG0WYpCDhrCdAOYH4TWg=="],

    "std-env": ["std-env@3.9.0", "", {}, "sha512-UGvjygr6F6tpH7o2qyqR6QYpwraIjKSdtzyBdyytFOHmPZY917kwdwLG0RbOjWOnKmnm3PeHjaoLLMie7kPLQw=="],

    "strip-bom": ["strip-bom@4.0.0", "", {}, "sha512-3xurFv5tEgii33Zi8Jtp55wEIILR9eh34FAW00PZf+JnSsTmV/ioewSgQl97JHvgjoRGwPShsWm+IdrxB35d0w=="],

    "strip-comments-strings": ["strip-comments-strings@1.2.0", "", {}, "sha512-zwF4bmnyEjZwRhaak9jUWNxc0DoeKBJ7lwSN/LEc8dQXZcUFG6auaaTQJokQWXopLdM3iTx01nQT8E4aL29DAQ=="],

    "tagged-tag": ["tagged-tag@1.0.0", "", {}, "sha512-yEFYrVhod+hdNyx7g5Bnkkb0G6si8HJurOoOEgC8B/O0uXLHlaey/65KRv6cuWBNhBgHKAROVpc7QyYqE5gFng=="],

    "tinyexec": ["tinyexec@1.1.2", "", {}, "sha512-dAqSqE/RabpBKI8+h26GfLq6Vb3JVXs30XYQjdMjaj/c2tS8IYYMbIzP599KtRj7c57/wYApb3QjgRgXmrCukA=="],

    "tinyglobby": ["tinyglobby@0.2.16", "", { "dependencies": { "fdir": "^6.5.0", "picomatch": "^4.0.4" } }, "sha512-pn99VhoACYR8nFHhxqix+uvsbXineAasWm5ojXoN8xEwK5Kd3/TrhNn1wByuD52UxWRLy8pu+kRMniEi6Eq9Zg=="],

    "type-fest": ["type-fest@5.4.4", "", { "dependencies": { "tagged-tag": "^1.0.0" } }, "sha512-JnTrzGu+zPV3aXIUhnyWJj4z/wigMsdYajGLIYakqyOW1nPllzXEJee0QQbHj+CTIQtXGlAjuK0UY+2xTyjVAw=="],

    "typescript": ["typescript@6.0.3", "", { "bin": { "tsc": "bin/tsc", "tsserver": "bin/tsserver" } }, "sha512-y2TvuxSZPDyQakkFRPZHKFm+KKVqIisdg9/CZwm9ftvKXLP8NRWj38/ODjNbr43SsoXqNuAisEf1GdCxqWcdBw=="],

    "undici-types": ["undici-types@7.24.6", "", {}, "sha512-WRNW+sJgj5OBN4/0JpHFqtqzhpbnV0GuB+OozA9gCL7a993SmU+1JBZCzLNxYsbMfIeDL+lTsphD5jN5N+n0zg=="],

    "write-file-atomic": ["write-file-atomic@5.0.1", "", { "dependencies": { "imurmurhash": "^0.1.4", "signal-exit": "^4.0.1" } }, "sha512-+QU2zd6OTD8XWIJCbffaiQeH9U73qIqafo1x6V1snCWYGJf6cVE0cDR4D8xRzcEnfI21IFrUPzPGtcPf8AC+Rw=="],

    "write-yaml-file": ["write-yaml-file@5.0.0", "", { "dependencies": { "js-yaml": "^4.1.0", "write-file-atomic": "^5.0.1" } }, "sha512-FdNA4RyH1L43TlvGG8qOMIfcEczwA5ij+zLXUy3Z83CjxhLvcV7/Q/8pk22wnCgYw7PJhtK+7lhO+qqyT4NdvQ=="],

    "yaml": ["yaml@2.8.4", "", { "bin": { "yaml": "bin.mjs" } }, "sha512-ml/JPOj9fOQK8RNnWojA67GbZ0ApXAUlN2UQclwv2eVgTgn7O9gg9o7paZWKMp4g0H3nTLtS9LVzhkpOFIKzog=="],

    "zod": ["zod@4.3.6", "", {}, "sha512-rftlrkhHZOcjDwkGlnUtZZkvaPHCsDATp4pGpuOOMDaTdDDXF91wuVDJoWoPsKX/3YPQ5fHuF3STjcYyKr+Qhg=="],

    "@babel/code-frame/@babel/helper-validator-identifier": ["@babel/helper-validator-identifier@7.28.5", "", {}, "sha512-qSs4ifwzKJSV39ucNjsvc6WVHs6b7S03sOh2OcHF9UHfVPqWWALUsNUVzhSBiItjRZoLHx7nIarVjqKVusUZ1Q=="],

    "nypm/tinyexec": ["tinyexec@0.3.2", "", {}, "sha512-KQQR9yN7R5+OSwaK0XQoj22pwHoTlgYqmUscPYoknOoWCWfj/5/ABTMRi69FrKU5ffPVh5QcFikpWJI/P1ocHA=="],
  }
}
